{
  "version": 4,
  "terraform_version": "1.14.3",
  "serial": 126,
  "lineage": "5b222657-1752-299f-b610-cc60600963ae",
  "outputs": {
    "batch_extract_lambda_name": {
      "value": "mdp-market-data-dev-batch-extract",
      "type": "string"
    },
    "dynamodb_table_name": {
      "value": "latest_prices",
      "type": "string"
    },
    "ecr_repo_url": {
      "value": "582997419489.dkr.ecr.us-east-1.amazonaws.com/mdp-market-data-dev-streaming-ingest",
      "type": "string"
    },
    "lambda_role_arn": {
      "value": "arn:aws:iam::582997419489:role/lambda-execution-role",
      "type": "string"
    },
    "s3_bucket_name": {
      "value": "mdp-market-data-dev-us-east-1-a66798a5",
      "type": "string"
    }
  },
  "resources": [
    {
      "mode": "managed",
      "type": "aws_athena_workgroup",
      "name": "batch_queries",
      "provider": "provider[\"registry.terraform.io/hashicorp/aws\"]",
      "instances": [
        {
          "schema_version": 0,
          "attributes": {
            "arn": "arn:aws:athena:us-east-1:582997419489:workgroup/mdp-market-data-dev-athena",
            "configuration": [
              {
                "bytes_scanned_cutoff_per_query": 0,
                "customer_content_encryption_configuration": [],
                "enable_minimum_encryption_configuration": false,
                "enforce_workgroup_configuration": true,
                "engine_version": [
                  {
                    "effective_engine_version": "Athena engine version 3",
                    "selected_engine_version": "AUTO"
                  }
                ],
                "execution_role": "",
                "identity_center_configuration": [],
                "managed_query_results_configuration": [],
                "monitoring_configuration": [],
                "publish_cloudwatch_metrics_enabled": true,
                "requester_pays_enabled": false,
                "result_configuration": [
                  {
                    "acl_configuration": [],
                    "encryption_configuration": [],
                    "expected_bucket_owner": "",
                    "output_location": "s3://mdp-market-data-dev-us-east-1-a66798a5/athena/results/"
                  }
                ]
              }
            ],
            "description": "",
            "force_destroy": false,
            "id": "mdp-market-data-dev-athena",
            "name": "mdp-market-data-dev-athena",
            "region": "us-east-1",
            "state": "ENABLED",
            "tags": {
              "Environment": "dev",
              "Project": "mdp-market-data"
            },
            "tags_all": {
              "Environment": "dev",
              "Project": "mdp-market-data"
            }
          },
          "sensitive_attributes": [],
          "identity_schema_version": 0,
          "private": "bnVsbA==",
          "dependencies": [
            "aws_s3_bucket.raw_bucket",
            "random_id.bucket_suffix"
          ]
        }
      ]
    },
    {
      "mode": "managed",
      "type": "aws_cloudwatch_log_group",
      "name": "lambda_batch_extract",
      "provider": "provider[\"registry.terraform.io/hashicorp/aws\"]",
      "instances": [
        {
          "schema_version": 0,
          "attributes": {
            "arn": "arn:aws:logs:us-east-1:582997419489:log-group:/aws/lambda/mdp-market-data-dev-batch-extract",
            "deletion_protection_enabled": false,
            "id": "/aws/lambda/mdp-market-data-dev-batch-extract",
            "kms_key_id": "",
            "log_group_class": "STANDARD",
            "name": "/aws/lambda/mdp-market-data-dev-batch-extract",
            "name_prefix": "",
            "region": "us-east-1",
            "retention_in_days": 7,
            "skip_destroy": false,
            "tags": {
              "Environment": "dev",
              "Name": "mdp-market-data-batch-extract-logs",
              "Project": "mdp-market-data"
            },
            "tags_all": {
              "Environment": "dev",
              "Name": "mdp-market-data-batch-extract-logs",
              "Project": "mdp-market-data"
            }
          },
          "sensitive_attributes": [],
          "identity_schema_version": 0,
          "identity": {
            "account_id": "582997419489",
            "name": "/aws/lambda/mdp-market-data-dev-batch-extract",
            "region": "us-east-1"
          },
          "private": "bnVsbA==",
          "dependencies": [
            "aws_ecr_repository.streaming_ingest",
            "aws_iam_role.batch_extract_lambda_role",
            "aws_lambda_function.batch_extract",
            "aws_s3_bucket.raw_bucket",
            "random_id.bucket_suffix"
          ]
        }
      ]
    },
    {
      "mode": "managed",
      "type": "aws_cloudwatch_log_group",
      "name": "lambda_streaming_ingest",
      "provider": "provider[\"registry.terraform.io/hashicorp/aws\"]",
      "instances": [
        {
          "schema_version": 0,
          "attributes": {
            "arn": "arn:aws:logs:us-east-1:582997419489:log-group:/aws/lambda/mdp-market-data-dev-streaming-ingest",
            "deletion_protection_enabled": false,
            "id": "/aws/lambda/mdp-market-data-dev-streaming-ingest",
            "kms_key_id": "",
            "log_group_class": "STANDARD",
            "name": "/aws/lambda/mdp-market-data-dev-streaming-ingest",
            "name_prefix": "",
            "region": "us-east-1",
            "retention_in_days": 7,
            "skip_destroy": false,
            "tags": {
              "Environment": "dev",
              "Name": "mdp-market-data-streaming-ingest-logs",
              "Project": "mdp-market-data"
            },
            "tags_all": {
              "Environment": "dev",
              "Name": "mdp-market-data-streaming-ingest-logs",
              "Project": "mdp-market-data"
            }
          },
          "sensitive_attributes": [],
          "identity_schema_version": 0,
          "identity": {
            "account_id": "582997419489",
            "name": "/aws/lambda/mdp-market-data-dev-streaming-ingest",
            "region": "us-east-1"
          },
          "private": "bnVsbA==",
          "dependencies": [
            "aws_dynamodb_table.latest_prices",
            "aws_ecr_repository.streaming_ingest",
            "aws_iam_role.lambda_role",
            "aws_lambda_function.streaming_ingest",
            "aws_s3_bucket.raw_bucket",
            "random_id.bucket_suffix"
          ]
        }
      ]
    },
    {
      "mode": "managed",
      "type": "aws_cloudwatch_metric_alarm",
      "name": "lambda_streaming_errors",
      "provider": "provider[\"registry.terraform.io/hashicorp/aws\"]",
      "instances": [
        {
          "schema_version": 1,
          "attributes": {
            "actions_enabled": true,
            "alarm_actions": [],
            "alarm_description": "Triggers if the streaming ingest Lambda reports any errors.",
            "alarm_name": "mdp-market-data-dev-streaming-lambda-errors",
            "arn": "arn:aws:cloudwatch:us-east-1:582997419489:alarm:mdp-market-data-dev-streaming-lambda-errors",
            "comparison_operator": "GreaterThanThreshold",
            "datapoints_to_alarm": 0,
            "dimensions": {
              "FunctionName": "mdp-market-data-dev-streaming-ingest"
            },
            "evaluate_low_sample_count_percentiles": "",
            "evaluation_periods": 1,
            "extended_statistic": "",
            "id": "mdp-market-data-dev-streaming-lambda-errors",
            "insufficient_data_actions": [],
            "metric_name": "Errors",
            "metric_query": [],
            "namespace": "AWS/Lambda",
            "ok_actions": [],
            "period": 300,
            "region": "us-east-1",
            "statistic": "Sum",
            "tags": {
              "Environment": "dev",
              "Project": "mdp-market-data"
            },
            "tags_all": {
              "Environment": "dev",
              "Project": "mdp-market-data"
            },
            "threshold": 0,
            "threshold_metric_id": "",
            "treat_missing_data": "notBreaching",
            "unit": ""
          },
          "sensitive_attributes": [],
          "identity_schema_version": 0,
          "identity": {
            "account_id": "582997419489",
            "alarm_name": "mdp-market-data-dev-streaming-lambda-errors",
            "region": "us-east-1"
          },
          "private": "eyJzY2hlbWFfdmVyc2lvbiI6IjEifQ==",
          "dependencies": [
            "aws_dynamodb_table.latest_prices",
            "aws_ecr_repository.streaming_ingest",
            "aws_iam_role.lambda_role",
            "aws_lambda_function.streaming_ingest",
            "aws_s3_bucket.raw_bucket",
            "random_id.bucket_suffix"
          ]
        }
      ]
    },
    {
      "mode": "managed",
      "type": "aws_cloudwatch_metric_alarm",
      "name": "lambda_streaming_throttles",
      "provider": "provider[\"registry.terraform.io/hashicorp/aws\"]",
      "instances": [
        {
          "schema_version": 1,
          "attributes": {
            "actions_enabled": true,
            "alarm_actions": [],
            "alarm_description": "Triggers if the streaming ingest Lambda is throttled.",
            "alarm_name": "mdp-market-data-dev-streaming-lambda-throttles",
            "arn": "arn:aws:cloudwatch:us-east-1:582997419489:alarm:mdp-market-data-dev-streaming-lambda-throttles",
            "comparison_operator": "GreaterThanThreshold",
            "datapoints_to_alarm": 0,
            "dimensions": {
              "FunctionName": "mdp-market-data-dev-streaming-ingest"
            },
            "evaluate_low_sample_count_percentiles": "",
            "evaluation_periods": 1,
            "extended_statistic": "",
            "id": "mdp-market-data-dev-streaming-lambda-throttles",
            "insufficient_data_actions": [],
            "metric_name": "Throttles",
            "metric_query": [],
            "namespace": "AWS/Lambda",
            "ok_actions": [],
            "period": 300,
            "region": "us-east-1",
            "statistic": "Sum",
            "tags": {
              "Environment": "dev",
              "Project": "mdp-market-data"
            },
            "tags_all": {
              "Environment": "dev",
              "Project": "mdp-market-data"
            },
            "threshold": 0,
            "threshold_metric_id": "",
            "treat_missing_data": "notBreaching",
            "unit": ""
          },
          "sensitive_attributes": [],
          "identity_schema_version": 0,
          "identity": {
            "account_id": "582997419489",
            "alarm_name": "mdp-market-data-dev-streaming-lambda-throttles",
            "region": "us-east-1"
          },
          "private": "eyJzY2hlbWFfdmVyc2lvbiI6IjEifQ==",
          "dependencies": [
            "aws_dynamodb_table.latest_prices",
            "aws_ecr_repository.streaming_ingest",
            "aws_iam_role.lambda_role",
            "aws_lambda_function.streaming_ingest",
            "aws_s3_bucket.raw_bucket",
            "random_id.bucket_suffix"
          ]
        }
      ]
    },
    {
      "mode": "managed",
      "type": "aws_dynamodb_table",
      "name": "latest_prices",
      "provider": "provider[\"registry.terraform.io/hashicorp/aws\"]",
      "instances": [
        {
          "schema_version": 1,
          "attributes": {
            "arn": "arn:aws:dynamodb:us-east-1:582997419489:table/latest_prices",
            "attribute": [
              {
                "name": "symbol",
                "type": "S"
              }
            ],
            "billing_mode": "PAY_PER_REQUEST",
            "deletion_protection_enabled": false,
            "global_secondary_index": [],
            "global_table_witness": [],
            "hash_key": "symbol",
            "id": "latest_prices",
            "import_table": [],
            "local_secondary_index": [],
            "name": "latest_prices",
            "on_demand_throughput": [],
            "point_in_time_recovery": [
              {
                "enabled": false,
                "recovery_period_in_days": 0
              }
            ],
            "range_key": null,
            "read_capacity": 0,
            "region": "us-east-1",
            "replica": [],
            "restore_date_time": null,
            "restore_source_name": null,
            "restore_source_table_arn": null,
            "restore_to_latest_time": null,
            "server_side_encryption": [],
            "stream_arn": "",
            "stream_enabled": false,
            "stream_label": "",
            "stream_view_type": "",
            "table_class": "STANDARD",
            "tags": {
              "Environment": "dev",
              "Name": "Latest Prices Table",
              "Project": "mdp-market-data"
            },
            "tags_all": {
              "Environment": "dev",
              "Name": "Latest Prices Table",
              "Project": "mdp-market-data"
            },
            "timeouts": null,
            "ttl": [
              {
                "attribute_name": "",
                "enabled": false
              }
            ],
            "warm_throughput": [],
            "write_capacity": 0
          },
          "sensitive_attributes": [],
          "identity_schema_version": 0,
          "private": "eyJlMmJmYjczMC1lY2FhLTExZTYtOGY4OC0zNDM2M2JjN2M0YzAiOnsiY3JlYXRlIjoxODAwMDAwMDAwMDAwLCJkZWxldGUiOjYwMDAwMDAwMDAwMCwidXBkYXRlIjozNjAwMDAwMDAwMDAwfSwic2NoZW1hX3ZlcnNpb24iOiIxIn0="
        }
      ]
    },
    {
      "mode": "managed",
      "type": "aws_ecr_repository",
      "name": "streaming_ingest",
      "provider": "provider[\"registry.terraform.io/hashicorp/aws\"]",
      "instances": [
        {
          "schema_version": 0,
          "attributes": {
            "arn": "arn:aws:ecr:us-east-1:582997419489:repository/mdp-market-data-dev-streaming-ingest",
            "encryption_configuration": [
              {
                "encryption_type": "AES256",
                "kms_key": ""
              }
            ],
            "force_delete": null,
            "id": "mdp-market-data-dev-streaming-ingest",
            "image_scanning_configuration": [
              {
                "scan_on_push": true
              }
            ],
            "image_tag_mutability": "MUTABLE",
            "image_tag_mutability_exclusion_filter": [],
            "name": "mdp-market-data-dev-streaming-ingest",
            "region": "us-east-1",
            "registry_id": "582997419489",
            "repository_url": "582997419489.dkr.ecr.us-east-1.amazonaws.com/mdp-market-data-dev-streaming-ingest",
            "tags": {
              "Environment": "dev",
              "Name": "mdp-market-data-streaming-ingest",
              "Project": "mdp-market-data"
            },
            "tags_all": {
              "Environment": "dev",
              "Name": "mdp-market-data-streaming-ingest",
              "Project": "mdp-market-data"
            },
            "timeouts": null
          },
          "sensitive_attributes": [],
          "identity_schema_version": 0,
          "identity": {
            "account_id": "582997419489",
            "name": "mdp-market-data-dev-streaming-ingest",
            "region": "us-east-1"
          },
          "private": "eyJlMmJmYjczMC1lY2FhLTExZTYtOGY4OC0zNDM2M2JjN2M0YzAiOnsiZGVsZXRlIjoxMjAwMDAwMDAwMDAwfX0="
        }
      ]
    },
    {
      "mode": "managed",
      "type": "aws_glue_catalog_database",
      "name": "market_data",
      "provider": "provider[\"registry.terraform.io/hashicorp/aws\"]",
      "instances": [
        {
          "schema_version": 0,
          "attributes": {
            "arn": "arn:aws:glue:us-east-1:582997419489:database/mdp_market_data_dev",
            "catalog_id": "582997419489",
            "create_table_default_permission": [
              {
                "permissions": [
                  "ALL"
                ],
                "principal": [
                  {
                    "data_lake_principal_identifier": "IAM_ALLOWED_PRINCIPALS"
                  }
                ]
              }
            ],
            "description": "Glue catalog database for batch analytics tables",
            "federated_database": [],
            "id": "582997419489:mdp_market_data_dev",
            "location_uri": "",
            "name": "mdp_market_data_dev",
            "parameters": {},
            "region": "us-east-1",
            "tags": {
              "Environment": "dev",
              "Project": "mdp-market-data"
            },
            "tags_all": {
              "Environment": "dev",
              "Project": "mdp-market-data"
            },
            "target_database": []
          },
          "sensitive_attributes": [],
          "identity_schema_version": 0,
          "private": "bnVsbA=="
        }
      ]
    },
    {
      "mode": "managed",
      "type": "aws_glue_catalog_table",
      "name": "ohlc_daily",
      "provider": "provider[\"registry.terraform.io/hashicorp/aws\"]",
      "instances": [
        {
          "schema_version": 0,
          "attributes": {
            "arn": "arn:aws:glue:us-east-1:582997419489:table/mdp_market_data_dev/ohlc_daily",
            "catalog_id": "582997419489",
            "database_name": "mdp_market_data_dev",
            "description": "",
            "id": "582997419489:mdp_market_data_dev:ohlc_daily",
            "name": "ohlc_daily",
            "open_table_format_input": [],
            "owner": "",
            "parameters": {
              "EXTERNAL": "TRUE",
              "classification": "parquet"
            },
            "partition_index": [],
            "partition_keys": [],
            "region": "us-east-1",
            "retention": 0,
            "storage_descriptor": [
              {
                "additional_locations": [],
                "bucket_columns": [],
                "columns": [
                  {
                    "comment": "",
                    "name": "symbol",
                    "parameters": {},
                    "type": "string"
                  },
                  {
                    "comment": "",
                    "name": "date",
                    "parameters": {},
                    "type": "string"
                  },
                  {
                    "comment": "",
                    "name": "open",
                    "parameters": {},
                    "type": "double"
                  },
                  {
                    "comment": "",
                    "name": "high",
                    "parameters": {},
                    "type": "double"
                  },
                  {
                    "comment": "",
                    "name": "low",
                    "parameters": {},
                    "type": "double"
                  },
                  {
                    "comment": "",
                    "name": "close",
                    "parameters": {},
                    "type": "double"
                  },
                  {
                    "comment": "",
                    "name": "volume",
                    "parameters": {},
                    "type": "bigint"
                  },
                  {
                    "comment": "",
                    "name": "currency",
                    "parameters": {},
                    "type": "string"
                  },
                  {
                    "comment": "",
                    "name": "ts_market",
                    "parameters": {},
                    "type": "string"
                  },
                  {
                    "comment": "",
                    "name": "ts_ingest",
                    "parameters": {},
                    "type": "string"
                  },
                  {
                    "comment": "",
                    "name": "source",
                    "parameters": {},
                    "type": "string"
                  }
                ],
                "compressed": false,
                "input_format": "org.apache.hadoop.hive.ql.io.parquet.MapredParquetInputFormat",
                "location": "s3://mdp-market-data-dev-us-east-1-a66798a5/analytics/ohlc_daily/",
                "number_of_buckets": 0,
                "output_format": "org.apache.hadoop.hive.ql.io.parquet.MapredParquetOutputFormat",
                "parameters": {},
                "schema_reference": [],
                "ser_de_info": [
                  {
                    "name": "ohlc_daily_parquet",
                    "parameters": {},
                    "serialization_library": "org.apache.hadoop.hive.ql.io.parquet.serde.ParquetHiveSerDe"
                  }
                ],
                "skewed_info": [],
                "sort_columns": [],
                "stored_as_sub_directories": false
              }
            ],
            "table_type": "EXTERNAL_TABLE",
            "target_table": [],
            "view_expanded_text": "",
            "view_original_text": ""
          },
          "sensitive_attributes": [],
          "identity_schema_version": 0,
          "private": "bnVsbA==",
          "dependencies": [
            "aws_glue_catalog_database.market_data",
            "aws_s3_bucket.raw_bucket",
            "random_id.bucket_suffix"
          ]
        }
      ]
    },
    {
      "mode": "managed",
      "type": "aws_glue_job",
      "name": "batch_ohlc_daily",
      "provider": "provider[\"registry.terraform.io/hashicorp/aws\"]",
      "instances": [
        {
          "schema_version": 0,
          "attributes": {
            "arn": "arn:aws:glue:us-east-1:582997419489:job/mdp-market-data-dev-batch-ohlc-daily",
            "command": [
              {
                "name": "glueetl",
                "python_version": "3",
                "runtime": "",
                "script_location": "s3://mdp-market-data-dev-us-east-1-a66798a5/glue/scripts/batch_ohlc_daily_glue_job.py"
              }
            ],
            "connections": [],
            "default_arguments": {
              "--ANALYTICS_OUTPUT_PATH": "s3://mdp-market-data-dev-us-east-1-a66798a5/analytics/ohlc_daily/",
              "--CURATED_OUTPUT_PATH": "s3://mdp-market-data-dev-us-east-1-a66798a5/curated/prices_daily/",
              "--RAW_INPUT_PATH": "s3://mdp-market-data-dev-us-east-1-a66798a5/raw/prices_daily/",
              "--TempDir": "s3://mdp-market-data-dev-us-east-1-a66798a5/glue/temp/",
              "--enable-continuous-cloudwatch-log": "true",
              "--enable-metrics": "true",
              "--job-language": "python"
            },
            "description": "",
            "execution_class": "",
            "execution_property": [
              {
                "max_concurrent_runs": 1
              }
            ],
            "glue_version": "4.0",
            "id": "mdp-market-data-dev-batch-ohlc-daily",
            "job_mode": "SCRIPT",
            "job_run_queuing_enabled": false,
            "maintenance_window": "",
            "max_capacity": 2,
            "max_retries": 0,
            "name": "mdp-market-data-dev-batch-ohlc-daily",
            "non_overridable_arguments": {},
            "notification_property": [],
            "number_of_workers": 2,
            "region": "us-east-1",
            "role_arn": "arn:aws:iam::582997419489:role/mdp-market-data-dev-glue-job-role",
            "security_configuration": "",
            "source_control_details": [],
            "tags": {
              "Environment": "dev",
              "Project": "mdp-market-data"
            },
            "tags_all": {
              "Environment": "dev",
              "Project": "mdp-market-data"
            },
            "timeout": 10,
            "worker_type": "G.1X"
          },
          "sensitive_attributes": [],
          "identity_schema_version": 0,
          "private": "bnVsbA==",
          "dependencies": [
            "aws_iam_role.glue_job_role",
            "aws_iam_role_policy.glue_job_s3_policy",
            "aws_iam_role_policy_attachment.glue_service_role",
            "aws_s3_bucket.raw_bucket",
            "aws_s3_object.batch_ohlc_glue_script",
            "random_id.bucket_suffix"
          ]
        }
      ]
    },
    {
      "mode": "managed",
      "type": "aws_iam_role",
      "name": "batch_extract_lambda_role",
      "provider": "provider[\"registry.terraform.io/hashicorp/aws\"]",
      "instances": [
        {
          "schema_version": 0,
          "attributes": {
            "arn": "arn:aws:iam::582997419489:role/mdp-market-data-dev-batch-extract-role",
            "assume_role_policy": "{\"Statement\":[{\"Action\":\"sts:AssumeRole\",\"Effect\":\"Allow\",\"Principal\":{\"Service\":\"lambda.amazonaws.com\"}}],\"Version\":\"2012-10-17\"}",
            "create_date": "2026-05-12T08:58:55Z",
            "description": "",
            "force_detach_policies": false,
            "id": "mdp-market-data-dev-batch-extract-role",
            "inline_policy": [
              {
                "name": "mdp-market-data-dev-batch-extract-policy",
                "policy": "{\"Version\":\"2012-10-17\",\"Statement\":[{\"Action\":[\"s3:PutObject\"],\"Effect\":\"Allow\",\"Resource\":[\"arn:aws:s3:::mdp-market-data-dev-us-east-1-a66798a5/raw/prices_daily/*\"]},{\"Action\":[\"secretsmanager:GetSecretValue\"],\"Effect\":\"Allow\",\"Resource\":\"arn:aws:secretsmanager:us-east-1:582997419489:secret:mdp/market-data/dev/provider_api_key*\"},{\"Action\":[\"cloudwatch:PutMetricData\"],\"Effect\":\"Allow\",\"Resource\":\"*\"},{\"Action\":[\"logs:CreateLogGroup\",\"logs:CreateLogStream\",\"logs:PutLogEvents\"],\"Effect\":\"Allow\",\"Resource\":\"*\"}]}"
              }
            ],
            "managed_policy_arns": [],
            "max_session_duration": 3600,
            "name": "mdp-market-data-dev-batch-extract-role",
            "name_prefix": "",
            "path": "/",
            "permissions_boundary": "",
            "tags": {
              "Environment": "dev",
              "Project": "mdp-market-data"
            },
            "tags_all": {
              "Environment": "dev",
              "Project": "mdp-market-data"
            },
            "unique_id": "AROAYPPK2UXQ2TJ4APT6H"
          },
          "sensitive_attributes": [],
          "identity_schema_version": 0,
          "identity": {
            "account_id": "582997419489",
            "name": "mdp-market-data-dev-batch-extract-role"
          },
          "private": "bnVsbA=="
        }
      ]
    },
    {
      "mode": "managed",
      "type": "aws_iam_role",
      "name": "glue_job_role",
      "provider": "provider[\"registry.terraform.io/hashicorp/aws\"]",
      "instances": [
        {
          "schema_version": 0,
          "attributes": {
            "arn": "arn:aws:iam::582997419489:role/mdp-market-data-dev-glue-job-role",
            "assume_role_policy": "{\"Statement\":[{\"Action\":\"sts:AssumeRole\",\"Effect\":\"Allow\",\"Principal\":{\"Service\":\"glue.amazonaws.com\"}}],\"Version\":\"2012-10-17\"}",
            "create_date": "2026-03-09T10:48:50Z",
            "description": "",
            "force_detach_policies": false,
            "id": "mdp-market-data-dev-glue-job-role",
            "inline_policy": [
              {
                "name": "mdp-market-data-dev-glue-job-s3-policy",
                "policy": "{\"Version\":\"2012-10-17\",\"Statement\":[{\"Action\":[\"s3:ListBucket\"],\"Effect\":\"Allow\",\"Resource\":\"arn:aws:s3:::mdp-market-data-dev-us-east-1-a66798a5\"},{\"Action\":[\"s3:GetObject\",\"s3:PutObject\",\"s3:DeleteObject\"],\"Effect\":\"Allow\",\"Resource\":[\"arn:aws:s3:::mdp-market-data-dev-us-east-1-a66798a5/*\"]}]}"
              }
            ],
            "managed_policy_arns": [
              "arn:aws:iam::aws:policy/service-role/AWSGlueServiceRole"
            ],
            "max_session_duration": 3600,
            "name": "mdp-market-data-dev-glue-job-role",
            "name_prefix": "",
            "path": "/",
            "permissions_boundary": "",
            "tags": {
              "Environment": "dev",
              "Project": "mdp-market-data"
            },
            "tags_all": {
              "Environment": "dev",
              "Project": "mdp-market-data"
            },
            "unique_id": "AROAYPPK2UXQUO2GFJ4WQ"
          },
          "sensitive_attributes": [],
          "identity_schema_version": 0,
          "identity": {
            "account_id": "582997419489",
            "name": "mdp-market-data-dev-glue-job-role"
          },
          "private": "bnVsbA=="
        }
      ]
    },
    {
      "mode": "managed",
      "type": "aws_iam_role",
      "name": "lambda_role",
      "provider": "provider[\"registry.terraform.io/hashicorp/aws\"]",
      "instances": [
        {
          "schema_version": 0,
          "attributes": {
            "arn": "arn:aws:iam::582997419489:role/lambda-execution-role",
            "assume_role_policy": "{\"Statement\":[{\"Action\":\"sts:AssumeRole\",\"Effect\":\"Allow\",\"Principal\":{\"Service\":\"lambda.amazonaws.com\"}}],\"Version\":\"2012-10-17\"}",
            "create_date": "2026-01-25T08:53:31Z",
            "description": "",
            "force_detach_policies": false,
            "id": "lambda-execution-role",
            "inline_policy": [
              {
                "name": "lambda-policy",
                "policy": "{\"Version\":\"2012-10-17\",\"Statement\":[{\"Action\":[\"s3:GetObject\",\"s3:PutObject\"],\"Effect\":\"Allow\",\"Resource\":[\"arn:aws:s3:::mdp-market-data-dev-us-east-1-a66798a5/raw/*\",\"arn:aws:s3:::mdp-market-data-dev-us-east-1-a66798a5/curated/*\",\"arn:aws:s3:::mdp-market-data-dev-us-east-1-a66798a5/quarantine/*\"]},{\"Action\":[\"dynamodb:PutItem\"],\"Effect\":\"Allow\",\"Resource\":\"arn:aws:dynamodb:us-east-1:582997419489:table/latest_prices\"},{\"Action\":[\"cloudwatch:PutMetricData\"],\"Effect\":\"Allow\",\"Resource\":\"*\"},{\"Action\":[\"logs:CreateLogGroup\",\"logs:CreateLogStream\",\"logs:PutLogEvents\"],\"Effect\":\"Allow\",\"Resource\":\"*\"},{\"Action\":[\"secretsmanager:GetSecretValue\"],\"Effect\":\"Allow\",\"Resource\":\"arn:aws:secretsmanager:us-east-1:582997419489:secret:mdp/market-data/dev/provider_api_key*\"}]}"
              }
            ],
            "managed_policy_arns": [],
            "max_session_duration": 3600,
            "name": "lambda-execution-role",
            "name_prefix": "",
            "path": "/",
            "permissions_boundary": "",
            "tags": {},
            "tags_all": {},
            "unique_id": "AROAYPPK2UXQ4PGNDG5ZS"
          },
          "sensitive_attributes": [],
          "identity_schema_version": 0,
          "identity": {
            "account_id": "582997419489",
            "name": "lambda-execution-role"
          },
          "private": "bnVsbA=="
        }
      ]
    },
    {
      "mode": "managed",
      "type": "aws_iam_role_policy",
      "name": "batch_extract_lambda_policy",
      "provider": "provider[\"registry.terraform.io/hashicorp/aws\"]",
      "instances": [
        {
          "schema_version": 0,
          "attributes": {
            "id": "mdp-market-data-dev-batch-extract-role:mdp-market-data-dev-batch-extract-policy",
            "name": "mdp-market-data-dev-batch-extract-policy",
            "name_prefix": "",
            "policy": "{\"Version\":\"2012-10-17\",\"Statement\":[{\"Action\":[\"s3:PutObject\"],\"Effect\":\"Allow\",\"Resource\":[\"arn:aws:s3:::mdp-market-data-dev-us-east-1-a66798a5/raw/prices_daily/*\"]},{\"Action\":[\"secretsmanager:GetSecretValue\"],\"Effect\":\"Allow\",\"Resource\":\"arn:aws:secretsmanager:us-east-1:582997419489:secret:mdp/market-data/dev/provider_api_key*\"},{\"Action\":[\"cloudwatch:PutMetricData\"],\"Effect\":\"Allow\",\"Resource\":\"*\"},{\"Action\":[\"logs:CreateLogGroup\",\"logs:CreateLogStream\",\"logs:PutLogEvents\"],\"Effect\":\"Allow\",\"Resource\":\"*\"}]}",
            "role": "mdp-market-data-dev-batch-extract-role"
          },
          "sensitive_attributes": [],
          "identity_schema_version": 0,
          "identity": {
            "account_id": "582997419489",
            "name": "mdp-market-data-dev-batch-extract-policy",
            "role": "mdp-market-data-dev-batch-extract-role"
          },
          "private": "bnVsbA==",
          "dependencies": [
            "aws_iam_role.batch_extract_lambda_role",
            "aws_s3_bucket.raw_bucket",
            "random_id.bucket_suffix"
          ]
        }
      ]
    },
    {
      "mode": "managed",
      "type": "aws_iam_role_policy",
      "name": "glue_job_s3_policy",
      "provider": "provider[\"registry.terraform.io/hashicorp/aws\"]",
      "instances": [
        {
          "schema_version": 0,
          "attributes": {
            "id": "mdp-market-data-dev-glue-job-role:mdp-market-data-dev-glue-job-s3-policy",
            "name": "mdp-market-data-dev-glue-job-s3-policy",
            "name_prefix": "",
            "policy": "{\"Version\":\"2012-10-17\",\"Statement\":[{\"Action\":[\"s3:ListBucket\"],\"Effect\":\"Allow\",\"Resource\":\"arn:aws:s3:::mdp-market-data-dev-us-east-1-a66798a5\"},{\"Action\":[\"s3:GetObject\",\"s3:PutObject\",\"s3:DeleteObject\"],\"Effect\":\"Allow\",\"Resource\":[\"arn:aws:s3:::mdp-market-data-dev-us-east-1-a66798a5/*\"]}]}",
            "role": "mdp-market-data-dev-glue-job-role"
          },
          "sensitive_attributes": [],
          "identity_schema_version": 0,
          "identity": {
            "account_id": "582997419489",
            "name": "mdp-market-data-dev-glue-job-s3-policy",
            "role": "mdp-market-data-dev-glue-job-role"
          },
          "private": "bnVsbA==",
          "dependencies": [
            "aws_iam_role.glue_job_role",
            "aws_s3_bucket.raw_bucket",
            "random_id.bucket_suffix"
          ]
        }
      ]
    },
    {
      "mode": "managed",
      "type": "aws_iam_role_policy",
      "name": "lambda_policy",
      "provider": "provider[\"registry.terraform.io/hashicorp/aws\"]",
      "instances": [
        {
          "schema_version": 0,
          "attributes": {
            "id": "lambda-execution-role:lambda-policy",
            "name": "lambda-policy",
            "name_prefix": "",
            "policy": "{\"Version\":\"2012-10-17\",\"Statement\":[{\"Action\":[\"s3:GetObject\",\"s3:PutObject\"],\"Effect\":\"Allow\",\"Resource\":[\"arn:aws:s3:::mdp-market-data-dev-us-east-1-a66798a5/raw/*\",\"arn:aws:s3:::mdp-market-data-dev-us-east-1-a66798a5/curated/*\",\"arn:aws:s3:::mdp-market-data-dev-us-east-1-a66798a5/quarantine/*\"]},{\"Action\":[\"dynamodb:PutItem\"],\"Effect\":\"Allow\",\"Resource\":\"arn:aws:dynamodb:us-east-1:582997419489:table/latest_prices\"},{\"Action\":[\"cloudwatch:PutMetricData\"],\"Effect\":\"Allow\",\"Resource\":\"*\"},{\"Action\":[\"logs:CreateLogGroup\",\"logs:CreateLogStream\",\"logs:PutLogEvents\"],\"Effect\":\"Allow\",\"Resource\":\"*\"},{\"Action\":[\"secretsmanager:GetSecretValue\"],\"Effect\":\"Allow\",\"Resource\":\"arn:aws:secretsmanager:us-east-1:582997419489:secret:mdp/market-data/dev/provider_api_key*\"}]}",
            "role": "lambda-execution-role"
          },
          "sensitive_attributes": [],
          "identity_schema_version": 0,
          "identity": {
            "account_id": "582997419489",
            "name": "lambda-policy",
            "role": "lambda-execution-role"
          },
          "private": "bnVsbA==",
          "dependencies": [
            "aws_dynamodb_table.latest_prices",
            "aws_iam_role.lambda_role",
            "aws_s3_bucket.raw_bucket",
            "random_id.bucket_suffix"
          ]
        }
      ]
    },
    {
      "mode": "managed",
      "type": "aws_iam_role_policy_attachment",
      "name": "glue_service_role",
      "provider": "provider[\"registry.terraform.io/hashicorp/aws\"]",
      "instances": [
        {
          "schema_version": 0,
          "attributes": {
            "id": "mdp-market-data-dev-glue-job-role/arn:aws:iam::aws:policy/service-role/AWSGlueServiceRole",
            "policy_arn": "arn:aws:iam::aws:policy/service-role/AWSGlueServiceRole",
            "role": "mdp-market-data-dev-glue-job-role"
          },
          "sensitive_attributes": [],
          "identity_schema_version": 0,
          "identity": {
            "account_id": "582997419489",
            "policy_arn": "arn:aws:iam::aws:policy/service-role/AWSGlueServiceRole",
            "role": "mdp-market-data-dev-glue-job-role"
          },
          "private": "bnVsbA==",
          "dependencies": [
            "aws_iam_role.glue_job_role"
          ]
        }
      ]
    },
    {
      "mode": "managed",
      "type": "aws_lambda_function",
      "name": "batch_extract",
      "provider": "provider[\"registry.terraform.io/hashicorp/aws\"]",
      "instances": [
        {
          "schema_version": 0,
          "attributes": {
            "architectures": [
              "x86_64"
            ],
            "arn": "arn:aws:lambda:us-east-1:582997419489:function:mdp-market-data-dev-batch-extract",
            "capacity_provider_config": [],
            "code_sha256": "ccb64558ded42090a03790bafc16119e7ae5690e9039214a847343acdd740755",
            "code_signing_config_arn": "",
            "dead_letter_config": [],
            "description": "",
            "durable_config": [],
            "environment": [
              {
                "variables": {
                  "BATCH_BACKFILL_DAYS": "90",
                  "BATCH_LOOKBACK_DAYS": "10",
                  "BATCH_MODE": "incremental",
                  "BATCH_SYMBOLS": "AAPL,MSFT",
                  "PROVIDER_SECRET_ID": "mdp/market-data/dev/provider_api_key",
                  "S3_BUCKET_NAME": "mdp-market-data-dev-us-east-1-a66798a5"
                }
              }
            ],
            "ephemeral_storage": [
              {
                "size": 512
              }
            ],
            "file_system_config": [],
            "filename": null,
            "function_name": "mdp-market-data-dev-batch-extract",
            "handler": "",
            "id": "mdp-market-data-dev-batch-extract",
            "image_config": [
              {
                "command": [
                  "pipelines.batch.ohlc_daily.extract_lambda.lambda_handler"
                ],
                "entry_point": [],
                "working_directory": ""
              }
            ],
            "image_uri": "582997419489.dkr.ecr.us-east-1.amazonaws.com/mdp-market-data-dev-streaming-ingest:v6",
            "invoke_arn": "arn:aws:apigateway:us-east-1:lambda:path/2015-03-31/functions/arn:aws:lambda:us-east-1:582997419489:function:mdp-market-data-dev-batch-extract/invocations",
            "kms_key_arn": "",
            "last_modified": "2026-05-12T09:05:12.000+0000",
            "layers": [],
            "logging_config": [
              {
                "application_log_level": "",
                "log_format": "Text",
                "log_group": "/aws/lambda/mdp-market-data-dev-batch-extract",
                "system_log_level": ""
              }
            ],
            "memory_size": 512,
            "package_type": "Image",
            "publish": false,
            "publish_to": null,
            "qualified_arn": "arn:aws:lambda:us-east-1:582997419489:function:mdp-market-data-dev-batch-extract:$LATEST",
            "qualified_invoke_arn": "arn:aws:apigateway:us-east-1:lambda:path/2015-03-31/functions/arn:aws:lambda:us-east-1:582997419489:function:mdp-market-data-dev-batch-extract:$LATEST/invocations",
            "region": "us-east-1",
            "replace_security_groups_on_destroy": null,
            "replacement_security_group_ids": null,
            "reserved_concurrent_executions": -1,
            "response_streaming_invoke_arn": "arn:aws:apigateway:us-east-1:lambda:path/2021-11-15/functions/arn:aws:lambda:us-east-1:582997419489:function:mdp-market-data-dev-batch-extract/response-streaming-invocations",
            "role": "arn:aws:iam::582997419489:role/mdp-market-data-dev-batch-extract-role",
            "runtime": "",
            "s3_bucket": null,
            "s3_key": null,
            "s3_object_version": null,
            "signing_job_arn": "",
            "signing_profile_version_arn": "",
            "skip_destroy": false,
            "snap_start": [],
            "source_code_hash": "",
            "source_code_size": 0,
            "source_kms_key_arn": "",
            "tags": {
              "Environment": "dev",
              "Name": "mdp-market-data-batch-extract",
              "Project": "mdp-market-data"
            },
            "tags_all": {
              "Environment": "dev",
              "Name": "mdp-market-data-batch-extract",
              "Project": "mdp-market-data"
            },
            "tenancy_config": [],
            "timeout": 180,
            "timeouts": null,
            "tracing_config": [
              {
                "mode": "PassThrough"
              }
            ],
            "version": "$LATEST",
            "vpc_config": []
          },
          "sensitive_attributes": [],
          "identity_schema_version": 0,
          "identity": {
            "account_id": "582997419489",
            "function_name": "mdp-market-data-dev-batch-extract",
            "region": "us-east-1"
          },
          "private": "eyJlMmJmYjczMC1lY2FhLTExZTYtOGY4OC0zNDM2M2JjN2M0YzAiOnsiY3JlYXRlIjo2MDAwMDAwMDAwMDAsImRlbGV0ZSI6NjAwMDAwMDAwMDAwLCJ1cGRhdGUiOjYwMDAwMDAwMDAwMH19",
          "dependencies": [
            "aws_ecr_repository.streaming_ingest",
            "aws_iam_role.batch_extract_lambda_role",
            "aws_s3_bucket.raw_bucket",
            "random_id.bucket_suffix"
          ]
        }
      ]
    },
    {
      "mode": "managed",
      "type": "aws_lambda_function",
      "name": "streaming_ingest",
      "provider": "provider[\"registry.terraform.io/hashicorp/aws\"]",
      "instances": [
        {
          "schema_version": 0,
          "attributes": {
            "architectures": [
              "x86_64"
            ],
            "arn": "arn:aws:lambda:us-east-1:582997419489:function:mdp-market-data-dev-streaming-ingest",
            "capacity_provider_config": [],
            "code_sha256": "ccb64558ded42090a03790bafc16119e7ae5690e9039214a847343acdd740755",
            "code_signing_config_arn": "",
            "dead_letter_config": [],
            "description": "",
            "durable_config": [],
            "environment": [
              {
                "variables": {
                  "DDB_TABLE_LATEST_PRICES": "latest_prices",
                  "PROVIDER_SECRET_ID": "mdp/market-data/dev/provider_api_key",
                  "S3_BUCKET_NAME": "mdp-market-data-dev-us-east-1-a66798a5"
                }
              }
            ],
            "ephemeral_storage": [
              {
                "size": 512
              }
            ],
            "file_system_config": [],
            "filename": null,
            "function_name": "mdp-market-data-dev-streaming-ingest",
            "handler": "",
            "id": "mdp-market-data-dev-streaming-ingest",
            "image_config": [],
            "image_uri": "582997419489.dkr.ecr.us-east-1.amazonaws.com/mdp-market-data-dev-streaming-ingest:v6",
            "invoke_arn": "arn:aws:apigateway:us-east-1:lambda:path/2015-03-31/functions/arn:aws:lambda:us-east-1:582997419489:function:mdp-market-data-dev-streaming-ingest/invocations",
            "kms_key_arn": "",
            "last_modified": "2026-05-12T09:05:12.000+0000",
            "layers": [],
            "logging_config": [
              {
                "application_log_level": "",
                "log_format": "Text",
                "log_group": "/aws/lambda/mdp-market-data-dev-streaming-ingest",
                "system_log_level": ""
              }
            ],
            "memory_size": 512,
            "package_type": "Image",
            "publish": false,
            "publish_to": null,
            "qualified_arn": "arn:aws:lambda:us-east-1:582997419489:function:mdp-market-data-dev-streaming-ingest:$LATEST",
            "qualified_invoke_arn": "arn:aws:apigateway:us-east-1:lambda:path/2015-03-31/functions/arn:aws:lambda:us-east-1:582997419489:function:mdp-market-data-dev-streaming-ingest:$LATEST/invocations",
            "region": "us-east-1",
            "replace_security_groups_on_destroy": null,
            "replacement_security_group_ids": null,
            "reserved_concurrent_executions": -1,
            "response_streaming_invoke_arn": "arn:aws:apigateway:us-east-1:lambda:path/2021-11-15/functions/arn:aws:lambda:us-east-1:582997419489:function:mdp-market-data-dev-streaming-ingest/response-streaming-invocations",
            "role": "arn:aws:iam::582997419489:role/lambda-execution-role",
            "runtime": "",
            "s3_bucket": null,
            "s3_key": null,
            "s3_object_version": null,
            "signing_job_arn": "",
            "signing_profile_version_arn": "",
            "skip_destroy": false,
            "snap_start": [],
            "source_code_hash": "",
            "source_code_size": 0,
            "source_kms_key_arn": "",
            "tags": {
              "Environment": "dev",
              "Name": "mdp-market-data-streaming-ingest",
              "Project": "mdp-market-data"
            },
            "tags_all": {
              "Environment": "dev",
              "Name": "mdp-market-data-streaming-ingest",
              "Project": "mdp-market-data"
            },
            "tenancy_config": [],
            "timeout": 60,
            "timeouts": null,
            "tracing_config": [
              {
                "mode": "PassThrough"
              }
            ],
            "version": "$LATEST",
            "vpc_config": []
          },
          "sensitive_attributes": [],
          "identity_schema_version": 0,
          "identity": {
            "account_id": "582997419489",
            "function_name": "mdp-market-data-dev-streaming-ingest",
            "region": "us-east-1"
          },
          "private": "eyJlMmJmYjczMC1lY2FhLTExZTYtOGY4OC0zNDM2M2JjN2M0YzAiOnsiY3JlYXRlIjo2MDAwMDAwMDAwMDAsImRlbGV0ZSI6NjAwMDAwMDAwMDAwLCJ1cGRhdGUiOjYwMDAwMDAwMDAwMH19",
          "dependencies": [
            "aws_dynamodb_table.latest_prices",
            "aws_ecr_repository.streaming_ingest",
            "aws_iam_role.lambda_role",
            "aws_s3_bucket.raw_bucket",
            "random_id.bucket_suffix"
          ]
        }
      ]
    },
    {
      "mode": "managed",
      "type": "aws_s3_bucket",
      "name": "raw_bucket",
      "provider": "provider[\"registry.terraform.io/hashicorp/aws\"]",
      "instances": [
        {
          "schema_version": 0,
          "attributes": {
            "acceleration_status": "",
            "acl": null,
            "arn": "arn:aws:s3:::mdp-market-data-dev-us-east-1-a66798a5",
            "bucket": "mdp-market-data-dev-us-east-1-a66798a5",
            "bucket_domain_name": "mdp-market-data-dev-us-east-1-a66798a5.s3.amazonaws.com",
            "bucket_prefix": "",
            "bucket_region": "us-east-1",
            "bucket_regional_domain_name": "mdp-market-data-dev-us-east-1-a66798a5.s3.us-east-1.amazonaws.com",
            "cors_rule": [],
            "force_destroy": false,
            "grant": [
              {
                "id": "28de0be1dc1b18a9d0aab1f11e5c166590c086bdd92df027db925e9537564c12",
                "permissions": [
                  "FULL_CONTROL"
                ],
                "type": "CanonicalUser",
                "uri": ""
              }
            ],
            "hosted_zone_id": "Z3AQBSTGFYJSTF",
            "id": "mdp-market-data-dev-us-east-1-a66798a5",
            "lifecycle_rule": [],
            "logging": [],
            "object_lock_configuration": [],
            "object_lock_enabled": false,
            "policy": "",
            "region": "us-east-1",
            "replication_configuration": [],
            "request_payer": "BucketOwner",
            "server_side_encryption_configuration": [
              {
                "rule": [
                  {
                    "apply_server_side_encryption_by_default": [
                      {
                        "kms_master_key_id": "",
                        "sse_algorithm": "AES256"
                      }
                    ],
                    "bucket_key_enabled": false
                  }
                ]
              }
            ],
            "tags": {
              "Environment": "dev",
              "Name": "mdp-market-data-bucket",
              "Project": "mdp-market-data"
            },
            "tags_all": {
              "Environment": "dev",
              "Name": "mdp-market-data-bucket",
              "Project": "mdp-market-data"
            },
            "timeouts": null,
            "versioning": [
              {
                "enabled": true,
                "mfa_delete": false
              }
            ],
            "website": [],
            "website_domain": null,
            "website_endpoint": null
          },
          "sensitive_attributes": [],
          "identity_schema_version": 0,
          "identity": {
            "account_id": "582997419489",
            "bucket": "mdp-market-data-dev-us-east-1-a66798a5",
            "region": "us-east-1"
          },
          "private": "eyJlMmJmYjczMC1lY2FhLTExZTYtOGY4OC0zNDM2M2JjN2M0YzAiOnsiY3JlYXRlIjoxMjAwMDAwMDAwMDAwLCJkZWxldGUiOjM2MDAwMDAwMDAwMDAsInJlYWQiOjEyMDAwMDAwMDAwMDAsInVwZGF0ZSI6MTIwMDAwMDAwMDAwMH19",
          "dependencies": [
            "random_id.bucket_suffix"
          ]
        }
      ]
    },
    {
      "mode": "managed",
      "type": "aws_s3_bucket_ownership_controls",
      "name": "raw_bucket_owner",
      "provider": "provider[\"registry.terraform.io/hashicorp/aws\"]",
      "instances": [
        {
          "schema_version": 0,
          "attributes": {
            "bucket": "mdp-market-data-dev-us-east-1-a66798a5",
            "id": "mdp-market-data-dev-us-east-1-a66798a5",
            "region": "us-east-1",
            "rule": [
              {
                "object_ownership": "BucketOwnerEnforced"
              }
            ]
          },
          "sensitive_attributes": [],
          "identity_schema_version": 0,
          "identity": {
            "account_id": "582997419489",
            "bucket": "mdp-market-data-dev-us-east-1-a66798a5",
            "region": "us-east-1"
          },
          "private": "bnVsbA==",
          "dependencies": [
            "aws_s3_bucket.raw_bucket",
            "random_id.bucket_suffix"
          ]
        }
      ]
    },
    {
      "mode": "managed",
      "type": "aws_s3_bucket_public_access_block",
      "name": "raw_bucket_pab",
      "provider": "provider[\"registry.terraform.io/hashicorp/aws\"]",
      "instances": [
        {
          "schema_version": 0,
          "attributes": {
            "block_public_acls": true,
            "block_public_policy": true,
            "bucket": "mdp-market-data-dev-us-east-1-a66798a5",
            "id": "mdp-market-data-dev-us-east-1-a66798a5",
            "ignore_public_acls": true,
            "region": "us-east-1",
            "restrict_public_buckets": true,
            "skip_destroy": null
          },
          "sensitive_attributes": [],
          "identity_schema_version": 0,
          "identity": {
            "account_id": "582997419489",
            "bucket": "mdp-market-data-dev-us-east-1-a66798a5",
            "region": "us-east-1"
          },
          "private": "bnVsbA==",
          "dependencies": [
            "aws_s3_bucket.raw_bucket",
            "random_id.bucket_suffix"
          ]
        }
      ]
    },
    {
      "mode": "managed",
      "type": "aws_s3_bucket_server_side_encryption_configuration",
      "name": "raw_bucket_sse",
      "provider": "provider[\"registry.terraform.io/hashicorp/aws\"]",
      "instances": [
        {
          "schema_version": 0,
          "attributes": {
            "bucket": "mdp-market-data-dev-us-east-1-a66798a5",
            "expected_bucket_owner": "",
            "id": "mdp-market-data-dev-us-east-1-a66798a5",
            "region": "us-east-1",
            "rule": [
              {
                "apply_server_side_encryption_by_default": [
                  {
                    "kms_master_key_id": "",
                    "sse_algorithm": "AES256"
                  }
                ],
                "blocked_encryption_types": [],
                "bucket_key_enabled": null
              }
            ]
          },
          "sensitive_attributes": [],
          "identity_schema_version": 0,
          "identity": {
            "account_id": "582997419489",
            "bucket": "mdp-market-data-dev-us-east-1-a66798a5",
            "expected_bucket_owner": null,
            "region": "us-east-1"
          },
          "private": "bnVsbA==",
          "dependencies": [
            "aws_s3_bucket.raw_bucket",
            "random_id.bucket_suffix"
          ]
        }
      ]
    },
    {
      "mode": "managed",
      "type": "aws_s3_bucket_versioning",
      "name": "raw_bucket_versioning",
      "provider": "provider[\"registry.terraform.io/hashicorp/aws\"]",
      "instances": [
        {
          "schema_version": 0,
          "attributes": {
            "bucket": "mdp-market-data-dev-us-east-1-a66798a5",
            "expected_bucket_owner": "",
            "id": "mdp-market-data-dev-us-east-1-a66798a5",
            "mfa": null,
            "region": "us-east-1",
            "versioning_configuration": [
              {
                "mfa_delete": "",
                "status": "Enabled"
              }
            ]
          },
          "sensitive_attributes": [],
          "identity_schema_version": 0,
          "identity": {
            "account_id": "582997419489",
            "bucket": "mdp-market-data-dev-us-east-1-a66798a5",
            "expected_bucket_owner": null,
            "region": "us-east-1"
          },
          "private": "bnVsbA==",
          "dependencies": [
            "aws_s3_bucket.raw_bucket",
            "random_id.bucket_suffix"
          ]
        }
      ]
    },
    {
      "mode": "managed",
      "type": "aws_s3_object",
      "name": "analytics_ohlc_daily",
      "provider": "provider[\"registry.terraform.io/hashicorp/aws\"]",
      "instances": [
        {
          "schema_version": 0,
          "attributes": {
            "acl": null,
            "arn": "arn:aws:s3:::mdp-market-data-dev-us-east-1-a66798a5/analytics/ohlc_daily/",
            "bucket": "mdp-market-data-dev-us-east-1-a66798a5",
            "bucket_key_enabled": false,
            "cache_control": "",
            "checksum_algorithm": null,
            "checksum_crc32": "",
            "checksum_crc32c": "",
            "checksum_crc64nvme": "",
            "checksum_sha1": "",
            "checksum_sha256": "",
            "content": null,
            "content_base64": null,
            "content_disposition": "",
            "content_encoding": "",
            "content_language": "",
            "content_type": "application/octet-stream",
            "etag": "d41d8cd98f00b204e9800998ecf8427e",
            "force_destroy": false,
            "id": "mdp-market-data-dev-us-east-1-a66798a5/analytics/ohlc_daily/",
            "key": "analytics/ohlc_daily/",
            "kms_key_id": null,
            "metadata": {},
            "object_lock_legal_hold_status": "",
            "object_lock_mode": "",
            "object_lock_retain_until_date": "",
            "override_provider": [],
            "region": "us-east-1",
            "server_side_encryption": "AES256",
            "source": null,
            "source_hash": null,
            "storage_class": "STANDARD",
            "tags": {},
            "tags_all": {},
            "version_id": "zrzllWwPehG0oZ432cMCZz8Czl2Re_G7",
            "website_redirect": ""
          },
          "sensitive_attributes": [],
          "identity_schema_version": 0,
          "identity": {
            "account_id": "582997419489",
            "bucket": "mdp-market-data-dev-us-east-1-a66798a5",
            "key": "analytics/ohlc_daily/",
            "region": "us-east-1"
          },
          "private": "bnVsbA==",
          "dependencies": [
            "aws_s3_bucket.raw_bucket",
            "random_id.bucket_suffix"
          ]
        }
      ]
    },
    {
      "mode": "managed",
      "type": "aws_s3_object",
      "name": "athena_results",
      "provider": "provider[\"registry.terraform.io/hashicorp/aws\"]",
      "instances": [
        {
          "schema_version": 0,
          "attributes": {
            "acl": null,
            "arn": "arn:aws:s3:::mdp-market-data-dev-us-east-1-a66798a5/athena/results/",
            "bucket": "mdp-market-data-dev-us-east-1-a66798a5",
            "bucket_key_enabled": false,
            "cache_control": "",
            "checksum_algorithm": null,
            "checksum_crc32": "",
            "checksum_crc32c": "",
            "checksum_crc64nvme": "",
            "checksum_sha1": "",
            "checksum_sha256": "",
            "content": null,
            "content_base64": null,
            "content_disposition": "",
            "content_encoding": "",
            "content_language": "",
            "content_type": "application/octet-stream",
            "etag": "d41d8cd98f00b204e9800998ecf8427e",
            "force_destroy": false,
            "id": "mdp-market-data-dev-us-east-1-a66798a5/athena/results/",
            "key": "athena/results/",
            "kms_key_id": null,
            "metadata": {},
            "object_lock_legal_hold_status": "",
            "object_lock_mode": "",
            "object_lock_retain_until_date": "",
            "override_provider": [],
            "region": "us-east-1",
            "server_side_encryption": "AES256",
            "source": null,
            "source_hash": null,
            "storage_class": "STANDARD",
            "tags": {},
            "tags_all": {},
            "version_id": "UIEas9SSWWOC2s8MtifpGkPe_sYTKmCu",
            "website_redirect": ""
          },
          "sensitive_attributes": [],
          "identity_schema_version": 0,
          "identity": {
            "account_id": "582997419489",
            "bucket": "mdp-market-data-dev-us-east-1-a66798a5",
            "key": "athena/results/",
            "region": "us-east-1"
          },
          "private": "bnVsbA==",
          "dependencies": [
            "aws_s3_bucket.raw_bucket",
            "random_id.bucket_suffix"
          ]
        }
      ]
    },
    {
      "mode": "managed",
      "type": "aws_s3_object",
      "name": "batch_ohlc_glue_script",
      "provider": "provider[\"registry.terraform.io/hashicorp/aws\"]",
      "instances": [
        {
          "schema_version": 0,
          "attributes": {
            "acl": null,
            "arn": "arn:aws:s3:::mdp-market-data-dev-us-east-1-a66798a5/glue/scripts/batch_ohlc_daily_glue_job.py",
            "bucket": "mdp-market-data-dev-us-east-1-a66798a5",
            "bucket_key_enabled": false,
            "cache_control": "",
            "checksum_algorithm": null,
            "checksum_crc32": "",
            "checksum_crc32c": "",
            "checksum_crc64nvme": "",
            "checksum_sha1": "",
            "checksum_sha256": "",
            "content": null,
            "content_base64": null,
            "content_disposition": "",
            "content_encoding": "",
            "content_language": "",
            "content_type": "application/octet-stream",
            "etag": "27bc589c3df8b589adfbb7646127804a",
            "force_destroy": false,
            "id": "mdp-market-data-dev-us-east-1-a66798a5/glue/scripts/batch_ohlc_daily_glue_job.py",
            "key": "glue/scripts/batch_ohlc_daily_glue_job.py",
            "kms_key_id": null,
            "metadata": {},
            "object_lock_legal_hold_status": "",
            "object_lock_mode": "",
            "object_lock_retain_until_date": "",
            "override_provider": [],
            "region": "us-east-1",
            "server_side_encryption": "AES256",
            "source": "./../../pipelines/batch/ohlc_daily/glue_job.py",
            "source_hash": null,
            "storage_class": "STANDARD",
            "tags": {},
            "tags_all": {},
            "version_id": "V6_wx59AeTsAAa1tCMuZp_UIOpYS9EZk",
            "website_redirect": ""
          },
          "sensitive_attributes": [],
          "identity_schema_version": 0,
          "identity": {
            "account_id": "582997419489",
            "bucket": "mdp-market-data-dev-us-east-1-a66798a5",
            "key": "glue/scripts/batch_ohlc_daily_glue_job.py",
            "region": "us-east-1"
          },
          "private": "bnVsbA==",
          "dependencies": [
            "aws_s3_bucket.raw_bucket",
            "random_id.bucket_suffix"
          ]
        }
      ]
    },
    {
      "mode": "managed",
      "type": "aws_s3_object",
      "name": "curated_prices",
      "provider": "provider[\"registry.terraform.io/hashicorp/aws\"]",
      "instances": [
        {
          "schema_version": 0,
          "attributes": {
            "acl": null,
            "arn": "arn:aws:s3:::mdp-market-data-dev-us-east-1-a66798a5/curated/prices/",
            "bucket": "mdp-market-data-dev-us-east-1-a66798a5",
            "bucket_key_enabled": false,
            "cache_control": "",
            "checksum_algorithm": null,
            "checksum_crc32": "",
            "checksum_crc32c": "",
            "checksum_crc64nvme": "",
            "checksum_sha1": "",
            "checksum_sha256": "",
            "content": null,
            "content_base64": null,
            "content_disposition": "",
            "content_encoding": "",
            "content_language": "",
            "content_type": "application/octet-stream",
            "etag": "d41d8cd98f00b204e9800998ecf8427e",
            "force_destroy": false,
            "id": "mdp-market-data-dev-us-east-1-a66798a5/curated/prices/",
            "key": "curated/prices/",
            "kms_key_id": null,
            "metadata": {},
            "object_lock_legal_hold_status": "",
            "object_lock_mode": "",
            "object_lock_retain_until_date": "",
            "override_provider": [],
            "region": "us-east-1",
            "server_side_encryption": "AES256",
            "source": null,
            "source_hash": null,
            "storage_class": "STANDARD",
            "tags": {},
            "tags_all": {},
            "version_id": "null",
            "website_redirect": ""
          },
          "sensitive_attributes": [],
          "identity_schema_version": 0,
          "identity": {
            "account_id": "582997419489",
            "bucket": "mdp-market-data-dev-us-east-1-a66798a5",
            "key": "curated/prices/",
            "region": "us-east-1"
          },
          "private": "bnVsbA==",
          "dependencies": [
            "aws_s3_bucket.raw_bucket",
            "random_id.bucket_suffix"
          ]
        }
      ]
    },
    {
      "mode": "managed",
      "type": "aws_s3_object",
      "name": "curated_prices_daily",
      "provider": "provider[\"registry.terraform.io/hashicorp/aws\"]",
      "instances": [
        {
          "schema_version": 0,
          "attributes": {
            "acl": null,
            "arn": "arn:aws:s3:::mdp-market-data-dev-us-east-1-a66798a5/curated/prices_daily/",
            "bucket": "mdp-market-data-dev-us-east-1-a66798a5",
            "bucket_key_enabled": false,
            "cache_control": "",
            "checksum_algorithm": null,
            "checksum_crc32": "",
            "checksum_crc32c": "",
            "checksum_crc64nvme": "",
            "checksum_sha1": "",
            "checksum_sha256": "",
            "content": null,
            "content_base64": null,
            "content_disposition": "",
            "content_encoding": "",
            "content_language": "",
            "content_type": "application/octet-stream",
            "etag": "d41d8cd98f00b204e9800998ecf8427e",
            "force_destroy": false,
            "id": "mdp-market-data-dev-us-east-1-a66798a5/curated/prices_daily/",
            "key": "curated/prices_daily/",
            "kms_key_id": null,
            "metadata": {},
            "object_lock_legal_hold_status": "",
            "object_lock_mode": "",
            "object_lock_retain_until_date": "",
            "override_provider": [],
            "region": "us-east-1",
            "server_side_encryption": "AES256",
            "source": null,
            "source_hash": null,
            "storage_class": "STANDARD",
            "tags": {},
            "tags_all": {},
            "version_id": "i8lBJ2drfg1mDlwru6PbkYNu0vJ_6I_J",
            "website_redirect": ""
          },
          "sensitive_attributes": [],
          "identity_schema_version": 0,
          "identity": {
            "account_id": "582997419489",
            "bucket": "mdp-market-data-dev-us-east-1-a66798a5",
            "key": "curated/prices_daily/",
            "region": "us-east-1"
          },
          "private": "bnVsbA==",
          "dependencies": [
            "aws_s3_bucket.raw_bucket",
            "random_id.bucket_suffix"
          ]
        }
      ]
    },
    {
      "mode": "managed",
      "type": "aws_s3_object",
      "name": "glue_scripts_prefix",
      "provider": "provider[\"registry.terraform.io/hashicorp/aws\"]",
      "instances": [
        {
          "schema_version": 0,
          "attributes": {
            "acl": null,
            "arn": "arn:aws:s3:::mdp-market-data-dev-us-east-1-a66798a5/glue/scripts/",
            "bucket": "mdp-market-data-dev-us-east-1-a66798a5",
            "bucket_key_enabled": false,
            "cache_control": "",
            "checksum_algorithm": null,
            "checksum_crc32": "",
            "checksum_crc32c": "",
            "checksum_crc64nvme": "",
            "checksum_sha1": "",
            "checksum_sha256": "",
            "content": null,
            "content_base64": null,
            "content_disposition": "",
            "content_encoding": "",
            "content_language": "",
            "content_type": "application/octet-stream",
            "etag": "d41d8cd98f00b204e9800998ecf8427e",
            "force_destroy": false,
            "id": "mdp-market-data-dev-us-east-1-a66798a5/glue/scripts/",
            "key": "glue/scripts/",
            "kms_key_id": null,
            "metadata": {},
            "object_lock_legal_hold_status": "",
            "object_lock_mode": "",
            "object_lock_retain_until_date": "",
            "override_provider": [],
            "region": "us-east-1",
            "server_side_encryption": "AES256",
            "source": null,
            "source_hash": null,
            "storage_class": "STANDARD",
            "tags": {},
            "tags_all": {},
            "version_id": "DB9qcNdOte5g8.nkPVqUfL1t9cyatwCT",
            "website_redirect": ""
          },
          "sensitive_attributes": [],
          "identity_schema_version": 0,
          "identity": {
            "account_id": "582997419489",
            "bucket": "mdp-market-data-dev-us-east-1-a66798a5",
            "key": "glue/scripts/",
            "region": "us-east-1"
          },
          "private": "bnVsbA==",
          "dependencies": [
            "aws_s3_bucket.raw_bucket",
            "random_id.bucket_suffix"
          ]
        }
      ]
    },
    {
      "mode": "managed",
      "type": "aws_s3_object",
      "name": "quarantine_batch_ohlc_daily",
      "provider": "provider[\"registry.terraform.io/hashicorp/aws\"]",
      "instances": [
        {
          "schema_version": 0,
          "attributes": {
            "acl": null,
            "arn": "arn:aws:s3:::mdp-market-data-dev-us-east-1-a66798a5/quarantine/batch/ohlc_daily/",
            "bucket": "mdp-market-data-dev-us-east-1-a66798a5",
            "bucket_key_enabled": false,
            "cache_control": "",
            "checksum_algorithm": null,
            "checksum_crc32": "",
            "checksum_crc32c": "",
            "checksum_crc64nvme": "",
            "checksum_sha1": "",
            "checksum_sha256": "",
            "content": null,
            "content_base64": null,
            "content_disposition": "",
            "content_encoding": "",
            "content_language": "",
            "content_type": "application/octet-stream",
            "etag": "d41d8cd98f00b204e9800998ecf8427e",
            "force_destroy": false,
            "id": "mdp-market-data-dev-us-east-1-a66798a5/quarantine/batch/ohlc_daily/",
            "key": "quarantine/batch/ohlc_daily/",
            "kms_key_id": null,
            "metadata": {},
            "object_lock_legal_hold_status": "",
            "object_lock_mode": "",
            "object_lock_retain_until_date": "",
            "override_provider": [],
            "region": "us-east-1",
            "server_side_encryption": "AES256",
            "source": null,
            "source_hash": null,
            "storage_class": "STANDARD",
            "tags": {},
            "tags_all": {},
            "version_id": "n0ISx2xjSw4rrE6sSTJm0l0S8CnYUt9Q",
            "website_redirect": ""
          },
          "sensitive_attributes": [],
          "identity_schema_version": 0,
          "identity": {
            "account_id": "582997419489",
            "bucket": "mdp-market-data-dev-us-east-1-a66798a5",
            "key": "quarantine/batch/ohlc_daily/",
            "region": "us-east-1"
          },
          "private": "bnVsbA==",
          "dependencies": [
            "aws_s3_bucket.raw_bucket",
            "random_id.bucket_suffix"
          ]
        }
      ]
    },
    {
      "mode": "managed",
      "type": "aws_s3_object",
      "name": "quarantine_streaming",
      "provider": "provider[\"registry.terraform.io/hashicorp/aws\"]",
      "instances": [
        {
          "schema_version": 0,
          "attributes": {
            "acl": null,
            "arn": "arn:aws:s3:::mdp-market-data-dev-us-east-1-a66798a5/quarantine/streaming/",
            "bucket": "mdp-market-data-dev-us-east-1-a66798a5",
            "bucket_key_enabled": false,
            "cache_control": "",
            "checksum_algorithm": null,
            "checksum_crc32": "",
            "checksum_crc32c": "",
            "checksum_crc64nvme": "",
            "checksum_sha1": "",
            "checksum_sha256": "",
            "content": null,
            "content_base64": null,
            "content_disposition": "",
            "content_encoding": "",
            "content_language": "",
            "content_type": "application/octet-stream",
            "etag": "d41d8cd98f00b204e9800998ecf8427e",
            "force_destroy": false,
            "id": "mdp-market-data-dev-us-east-1-a66798a5/quarantine/streaming/",
            "key": "quarantine/streaming/",
            "kms_key_id": null,
            "metadata": {},
            "object_lock_legal_hold_status": "",
            "object_lock_mode": "",
            "object_lock_retain_until_date": "",
            "override_provider": [],
            "region": "us-east-1",
            "server_side_encryption": "AES256",
            "source": null,
            "source_hash": null,
            "storage_class": "STANDARD",
            "tags": {},
            "tags_all": {},
            "version_id": "null",
            "website_redirect": ""
          },
          "sensitive_attributes": [],
          "identity_schema_version": 0,
          "identity": {
            "account_id": "582997419489",
            "bucket": "mdp-market-data-dev-us-east-1-a66798a5",
            "key": "quarantine/streaming/",
            "region": "us-east-1"
          },
          "private": "bnVsbA==",
          "dependencies": [
            "aws_s3_bucket.raw_bucket",
            "random_id.bucket_suffix"
          ]
        }
      ]
    },
    {
      "mode": "managed",
      "type": "aws_s3_object",
      "name": "raw_prices",
      "provider": "provider[\"registry.terraform.io/hashicorp/aws\"]",
      "instances": [
        {
          "schema_version": 0,
          "attributes": {
            "acl": null,
            "arn": "arn:aws:s3:::mdp-market-data-dev-us-east-1-a66798a5/raw/prices/",
            "bucket": "mdp-market-data-dev-us-east-1-a66798a5",
            "bucket_key_enabled": false,
            "cache_control": "",
            "checksum_algorithm": null,
            "checksum_crc32": "",
            "checksum_crc32c": "",
            "checksum_crc64nvme": "",
            "checksum_sha1": "",
            "checksum_sha256": "",
            "content": null,
            "content_base64": null,
            "content_disposition": "",
            "content_encoding": "",
            "content_language": "",
            "content_type": "application/octet-stream",
            "etag": "d41d8cd98f00b204e9800998ecf8427e",
            "force_destroy": false,
            "id": "mdp-market-data-dev-us-east-1-a66798a5/raw/prices/",
            "key": "raw/prices/",
            "kms_key_id": null,
            "metadata": {},
            "object_lock_legal_hold_status": "",
            "object_lock_mode": "",
            "object_lock_retain_until_date": "",
            "override_provider": [],
            "region": "us-east-1",
            "server_side_encryption": "AES256",
            "source": null,
            "source_hash": null,
            "storage_class": "STANDARD",
            "tags": {},
            "tags_all": {},
            "version_id": "null",
            "website_redirect": ""
          },
          "sensitive_attributes": [],
          "identity_schema_version": 0,
          "identity": {
            "account_id": "582997419489",
            "bucket": "mdp-market-data-dev-us-east-1-a66798a5",
            "key": "raw/prices/",
            "region": "us-east-1"
          },
          "private": "bnVsbA==",
          "dependencies": [
            "aws_s3_bucket.raw_bucket",
            "random_id.bucket_suffix"
          ]
        }
      ]
    },
    {
      "mode": "managed",
      "type": "aws_s3_object",
      "name": "raw_prices_daily",
      "provider": "provider[\"registry.terraform.io/hashicorp/aws\"]",
      "instances": [
        {
          "schema_version": 0,
          "attributes": {
            "acl": null,
            "arn": "arn:aws:s3:::mdp-market-data-dev-us-east-1-a66798a5/raw/prices_daily/",
            "bucket": "mdp-market-data-dev-us-east-1-a66798a5",
            "bucket_key_enabled": false,
            "cache_control": "",
            "checksum_algorithm": null,
            "checksum_crc32": "",
            "checksum_crc32c": "",
            "checksum_crc64nvme": "",
            "checksum_sha1": "",
            "checksum_sha256": "",
            "content": null,
            "content_base64": null,
            "content_disposition": "",
            "content_encoding": "",
            "content_language": "",
            "content_type": "application/octet-stream",
            "etag": "d41d8cd98f00b204e9800998ecf8427e",
            "force_destroy": false,
            "id": "mdp-market-data-dev-us-east-1-a66798a5/raw/prices_daily/",
            "key": "raw/prices_daily/",
            "kms_key_id": null,
            "metadata": {},
            "object_lock_legal_hold_status": "",
            "object_lock_mode": "",
            "object_lock_retain_until_date": "",
            "override_provider": [],
            "region": "us-east-1",
            "server_side_encryption": "AES256",
            "source": null,
            "source_hash": null,
            "storage_class": "STANDARD",
            "tags": {},
            "tags_all": {},
            "version_id": "p6cVM.HvNE0vrC5tZ2QpxrNW5ucIov81",
            "website_redirect": ""
          },
          "sensitive_attributes": [],
          "identity_schema_version": 0,
          "identity": {
            "account_id": "582997419489",
            "bucket": "mdp-market-data-dev-us-east-1-a66798a5",
            "key": "raw/prices_daily/",
            "region": "us-east-1"
          },
          "private": "bnVsbA==",
          "dependencies": [
            "aws_s3_bucket.raw_bucket",
            "random_id.bucket_suffix"
          ]
        }
      ]
    },
    {
      "mode": "managed",
      "type": "random_id",
      "name": "bucket_suffix",
      "provider": "provider[\"registry.terraform.io/hashicorp/random\"]",
      "instances": [
        {
          "schema_version": 0,
          "attributes": {
            "b64_std": "pmeYpQ==",
            "b64_url": "pmeYpQ",
            "byte_length": 4,
            "dec": "2791807141",
            "hex": "a66798a5",
            "id": "pmeYpQ",
            "keepers": null,
            "prefix": null
          },
          "sensitive_attributes": [],
          "identity_schema_version": 0
        }
      ]
    }
  ],
  "check_results": null
}
