{
  "version": 4,
  "terraform_version": "1.14.3",
  "serial": 73,
  "lineage": "5b222657-1752-299f-b610-cc60600963ae",
  "outputs": {
    "dynamodb_table_name": {
      "value": "latest_prices",
      "type": "string"
    },
    "ecr_repo_url": {
      "value": "582997419489.dkr.ecr.us-east-1.amazonaws.com/mdp-market-data-dev-streaming-ingest",
      "type": "string"
    },
    "lambda_role_arn": {
      "value": "arn:aws:iam::582997419489:role/lambda-execution-role",
      "type": "string"
    },
    "s3_bucket_name": {
      "value": "mdp-market-data-dev-us-east-1-a66798a5",
      "type": "string"
    }
  },
  "resources": [
    {
      "mode": "managed",
      "type": "aws_cloudwatch_event_rule",
      "name": "streaming_schedule",
      "provider": "provider[\"registry.terraform.io/hashicorp/aws\"]",
      "instances": [
        {
          "index_key": 0,
          "schema_version": 1,
          "attributes": {
            "arn": "arn:aws:events:us-east-1:582997419489:rule/mdp-market-data-dev-streaming-schedule",
            "description": "Schedule streaming ingest Lambda",
            "event_bus_name": "default",
            "event_pattern": null,
            "force_destroy": false,
            "id": "mdp-market-data-dev-streaming-schedule",
            "is_enabled": true,
            "name": "mdp-market-data-dev-streaming-schedule",
            "name_prefix": "",
            "region": "us-east-1",
            "role_arn": "",
            "schedule_expression": "rate(12 minutes)",
            "state": "ENABLED",
            "tags": null,
            "tags_all": {}
          },
          "sensitive_attributes": [],
          "identity_schema_version": 0,
          "identity": {
            "account_id": "582997419489",
            "name": "mdp-market-data-dev-streaming-schedule",
            "region": "us-east-1"
          },
          "private": "eyJzY2hlbWFfdmVyc2lvbiI6IjEifQ=="
        }
      ]
    },
    {
      "mode": "managed",
      "type": "aws_cloudwatch_event_target",
      "name": "streaming_lambda_target",
      "provider": "provider[\"registry.terraform.io/hashicorp/aws\"]",
      "instances": [
        {
          "index_key": 0,
          "schema_version": 1,
          "attributes": {
            "appsync_target": [],
            "arn": "arn:aws:lambda:us-east-1:582997419489:function:mdp-market-data-dev-streaming-ingest",
            "batch_target": [],
            "dead_letter_config": [],
            "ecs_target": [],
            "event_bus_name": "default",
            "force_destroy": false,
            "http_target": [],
            "id": "mdp-market-data-dev-streaming-schedule-terraform-20260212060451971000000001",
            "input": "",
            "input_path": "",
            "input_transformer": [],
            "kinesis_target": [],
            "redshift_target": [],
            "region": "us-east-1",
            "retry_policy": [],
            "role_arn": "",
            "rule": "mdp-market-data-dev-streaming-schedule",
            "run_command_targets": [],
            "sagemaker_pipeline_target": [],
            "sqs_target": [],
            "target_id": "terraform-20260212060451971000000001"
          },
          "sensitive_attributes": [],
          "identity_schema_version": 0,
          "identity": {
            "account_id": "582997419489",
            "event_bus_name": "default",
            "region": "us-east-1",
            "rule": "mdp-market-data-dev-streaming-schedule",
            "target_id": "terraform-20260212060451971000000001"
          },
          "private": "eyJzY2hlbWFfdmVyc2lvbiI6IjEifQ==",
          "dependencies": [
            "aws_cloudwatch_event_rule.streaming_schedule",
            "aws_dynamodb_table.latest_prices",
            "aws_ecr_repository.streaming_ingest",
            "aws_iam_role.lambda_role",
            "aws_lambda_function.streaming_ingest",
            "aws_s3_bucket.raw_bucket",
            "random_id.bucket_suffix"
          ]
        }
      ]
    },
    {
      "mode": "managed",
      "type": "aws_cloudwatch_log_group",
      "name": "lambda_streaming_ingest",
      "provider": "provider[\"registry.terraform.io/hashicorp/aws\"]",
      "instances": [
        {
          "schema_version": 0,
          "attributes": {
            "arn": "arn:aws:logs:us-east-1:582997419489:log-group:/aws/lambda/mdp-market-data-dev-streaming-ingest",
            "deletion_protection_enabled": false,
            "id": "/aws/lambda/mdp-market-data-dev-streaming-ingest",
            "kms_key_id": "",
            "log_group_class": "STANDARD",
            "name": "/aws/lambda/mdp-market-data-dev-streaming-ingest",
            "name_prefix": "",
            "region": "us-east-1",
            "retention_in_days": 7,
            "skip_destroy": false,
            "tags": {
              "Environment": "dev",
              "Name": "mdp-market-data-streaming-ingest-logs",
              "Project": "mdp-market-data"
            },
            "tags_all": {
              "Environment": "dev",
              "Name": "mdp-market-data-streaming-ingest-logs",
              "Project": "mdp-market-data"
            }
          },
          "sensitive_attributes": [],
          "identity_schema_version": 0,
          "identity": {
            "account_id": "582997419489",
            "name": "/aws/lambda/mdp-market-data-dev-streaming-ingest",
            "region": "us-east-1"
          },
          "private": "bnVsbA==",
          "dependencies": [
            "aws_dynamodb_table.latest_prices",
            "aws_ecr_repository.streaming_ingest",
            "aws_iam_role.lambda_role",
            "aws_lambda_function.streaming_ingest",
            "aws_s3_bucket.raw_bucket",
            "random_id.bucket_suffix"
          ]
        }
      ]
    },
    {
      "mode": "managed",
      "type": "aws_cloudwatch_metric_alarm",
      "name": "lambda_streaming_errors",
      "provider": "provider[\"registry.terraform.io/hashicorp/aws\"]",
      "instances": [
        {
          "schema_version": 1,
          "attributes": {
            "actions_enabled": true,
            "alarm_actions": [],
            "alarm_description": "Triggers if the streaming ingest Lambda reports any errors.",
            "alarm_name": "mdp-market-data-dev-streaming-lambda-errors",
            "arn": "arn:aws:cloudwatch:us-east-1:582997419489:alarm:mdp-market-data-dev-streaming-lambda-errors",
            "comparison_operator": "GreaterThanThreshold",
            "datapoints_to_alarm": 0,
            "dimensions": {
              "FunctionName": "mdp-market-data-dev-streaming-ingest"
            },
            "evaluate_low_sample_count_percentiles": "",
            "evaluation_periods": 1,
            "extended_statistic": "",
            "id": "mdp-market-data-dev-streaming-lambda-errors",
            "insufficient_data_actions": [],
            "metric_name": "Errors",
            "metric_query": [],
            "namespace": "AWS/Lambda",
            "ok_actions": [],
            "period": 300,
            "region": "us-east-1",
            "statistic": "Sum",
            "tags": {
              "Environment": "dev",
              "Project": "mdp-market-data"
            },
            "tags_all": {
              "Environment": "dev",
              "Project": "mdp-market-data"
            },
            "threshold": 0,
            "threshold_metric_id": "",
            "treat_missing_data": "notBreaching",
            "unit": ""
          },
          "sensitive_attributes": [],
          "identity_schema_version": 0,
          "identity": {
            "account_id": "582997419489",
            "alarm_name": "mdp-market-data-dev-streaming-lambda-errors",
            "region": "us-east-1"
          },
          "private": "eyJzY2hlbWFfdmVyc2lvbiI6IjEifQ==",
          "dependencies": [
            "aws_dynamodb_table.latest_prices",
            "aws_ecr_repository.streaming_ingest",
            "aws_iam_role.lambda_role",
            "aws_lambda_function.streaming_ingest",
            "aws_s3_bucket.raw_bucket",
            "random_id.bucket_suffix"
          ]
        }
      ]
    },
    {
      "mode": "managed",
      "type": "aws_cloudwatch_metric_alarm",
      "name": "lambda_streaming_throttles",
      "provider": "provider[\"registry.terraform.io/hashicorp/aws\"]",
      "instances": [
        {
          "schema_version": 1,
          "attributes": {
            "actions_enabled": true,
            "alarm_actions": [],
            "alarm_description": "Triggers if the streaming ingest Lambda is throttled.",
            "alarm_name": "mdp-market-data-dev-streaming-lambda-throttles",
            "arn": "arn:aws:cloudwatch:us-east-1:582997419489:alarm:mdp-market-data-dev-streaming-lambda-throttles",
            "comparison_operator": "GreaterThanThreshold",
            "datapoints_to_alarm": 0,
            "dimensions": {
              "FunctionName": "mdp-market-data-dev-streaming-ingest"
            },
            "evaluate_low_sample_count_percentiles": "",
            "evaluation_periods": 1,
            "extended_statistic": "",
            "id": "mdp-market-data-dev-streaming-lambda-throttles",
            "insufficient_data_actions": [],
            "metric_name": "Throttles",
            "metric_query": [],
            "namespace": "AWS/Lambda",
            "ok_actions": [],
            "period": 300,
            "region": "us-east-1",
            "statistic": "Sum",
            "tags": {
              "Environment": "dev",
              "Project": "mdp-market-data"
            },
            "tags_all": {
              "Environment": "dev",
              "Project": "mdp-market-data"
            },
            "threshold": 0,
            "threshold_metric_id": "",
            "treat_missing_data": "notBreaching",
            "unit": ""
          },
          "sensitive_attributes": [],
          "identity_schema_version": 0,
          "identity": {
            "account_id": "582997419489",
            "alarm_name": "mdp-market-data-dev-streaming-lambda-throttles",
            "region": "us-east-1"
          },
          "private": "eyJzY2hlbWFfdmVyc2lvbiI6IjEifQ==",
          "dependencies": [
            "aws_dynamodb_table.latest_prices",
            "aws_ecr_repository.streaming_ingest",
            "aws_iam_role.lambda_role",
            "aws_lambda_function.streaming_ingest",
            "aws_s3_bucket.raw_bucket",
            "random_id.bucket_suffix"
          ]
        }
      ]
    },
    {
      "mode": "managed",
      "type": "aws_cloudwatch_metric_alarm",
      "name": "quality_fail_alarm",
      "provider": "provider[\"registry.terraform.io/hashicorp/aws\"]",
      "instances": [
        {
          "index_key": 0,
          "schema_version": 1,
          "attributes": {
            "actions_enabled": true,
            "alarm_actions": null,
            "alarm_description": "Triggers if any data quality failures occur (QualityFailCount \u003e 0).",
            "alarm_name": "mdp-market-data-dev-quality-fail",
            "arn": "arn:aws:cloudwatch:us-east-1:582997419489:alarm:mdp-market-data-dev-quality-fail",
            "comparison_operator": "GreaterThanThreshold",
            "datapoints_to_alarm": 0,
            "dimensions": null,
            "evaluate_low_sample_count_percentiles": "",
            "evaluation_periods": 1,
            "extended_statistic": "",
            "id": "mdp-market-data-dev-quality-fail",
            "insufficient_data_actions": null,
            "metric_name": "QualityFailCount",
            "metric_query": [],
            "namespace": "MDP/Quality",
            "ok_actions": null,
            "period": 300,
            "region": "us-east-1",
            "statistic": "Sum",
            "tags": {
              "Environment": "dev",
              "Project": "mdp-market-data"
            },
            "tags_all": {
              "Environment": "dev",
              "Project": "mdp-market-data"
            },
            "threshold": 0,
            "threshold_metric_id": "",
            "treat_missing_data": "notBreaching",
            "unit": ""
          },
          "sensitive_attributes": [],
          "identity_schema_version": 0,
          "identity": {
            "account_id": "582997419489",
            "alarm_name": "mdp-market-data-dev-quality-fail",
            "region": "us-east-1"
          },
          "private": "eyJzY2hlbWFfdmVyc2lvbiI6IjEifQ=="
        }
      ]
    },
    {
      "mode": "managed",
      "type": "aws_cloudwatch_metric_alarm",
      "name": "storage_raw_freshness_alarm",
      "provider": "provider[\"registry.terraform.io/hashicorp/aws\"]",
      "instances": [
        {
          "index_key": 0,
          "schema_version": 1,
          "attributes": {
            "actions_enabled": true,
            "alarm_actions": null,
            "alarm_description": "Triggers if no raw S3 write is observed in the last 10 minutes (StorageRawWriteCount \u003c 1).",
            "alarm_name": "mdp-market-data-dev-storage-raw-freshness",
            "arn": "arn:aws:cloudwatch:us-east-1:582997419489:alarm:mdp-market-data-dev-storage-raw-freshness",
            "comparison_operator": "LessThanThreshold",
            "datapoints_to_alarm": 0,
            "dimensions": null,
            "evaluate_low_sample_count_percentiles": "",
            "evaluation_periods": 1,
            "extended_statistic": "",
            "id": "mdp-market-data-dev-storage-raw-freshness",
            "insufficient_data_actions": null,
            "metric_name": "StorageRawWriteCount",
            "metric_query": [],
            "namespace": "MDP/Storage",
            "ok_actions": null,
            "period": 600,
            "region": "us-east-1",
            "statistic": "Sum",
            "tags": {
              "Environment": "dev",
              "Project": "mdp-market-data"
            },
            "tags_all": {
              "Environment": "dev",
              "Project": "mdp-market-data"
            },
            "threshold": 1,
            "threshold_metric_id": "",
            "treat_missing_data": "breaching",
            "unit": ""
          },
          "sensitive_attributes": [],
          "identity_schema_version": 0,
          "identity": {
            "account_id": "582997419489",
            "alarm_name": "mdp-market-data-dev-storage-raw-freshness",
            "region": "us-east-1"
          },
          "private": "eyJzY2hlbWFfdmVyc2lvbiI6IjEifQ=="
        }
      ]
    },
    {
      "mode": "managed",
      "type": "aws_dynamodb_table",
      "name": "latest_prices",
      "provider": "provider[\"registry.terraform.io/hashicorp/aws\"]",
      "instances": [
        {
          "schema_version": 1,
          "attributes": {
            "arn": "arn:aws:dynamodb:us-east-1:582997419489:table/latest_prices",
            "attribute": [
              {
                "name": "symbol",
                "type": "S"
              }
            ],
            "billing_mode": "PAY_PER_REQUEST",
            "deletion_protection_enabled": false,
            "global_secondary_index": [],
            "global_table_witness": [],
            "hash_key": "symbol",
            "id": "latest_prices",
            "import_table": [],
            "local_secondary_index": [],
            "name": "latest_prices",
            "on_demand_throughput": [],
            "point_in_time_recovery": [
              {
                "enabled": false,
                "recovery_period_in_days": 0
              }
            ],
            "range_key": null,
            "read_capacity": 0,
            "region": "us-east-1",
            "replica": [],
            "restore_date_time": null,
            "restore_source_name": null,
            "restore_source_table_arn": null,
            "restore_to_latest_time": null,
            "server_side_encryption": [],
            "stream_arn": "",
            "stream_enabled": false,
            "stream_label": "",
            "stream_view_type": "",
            "table_class": "STANDARD",
            "tags": {
              "Environment": "dev",
              "Name": "Latest Prices Table",
              "Project": "mdp-market-data"
            },
            "tags_all": {
              "Environment": "dev",
              "Name": "Latest Prices Table",
              "Project": "mdp-market-data"
            },
            "timeouts": null,
            "ttl": [
              {
                "attribute_name": "",
                "enabled": false
              }
            ],
            "warm_throughput": [],
            "write_capacity": 0
          },
          "sensitive_attributes": [],
          "identity_schema_version": 0,
          "private": "eyJlMmJmYjczMC1lY2FhLTExZTYtOGY4OC0zNDM2M2JjN2M0YzAiOnsiY3JlYXRlIjoxODAwMDAwMDAwMDAwLCJkZWxldGUiOjYwMDAwMDAwMDAwMCwidXBkYXRlIjozNjAwMDAwMDAwMDAwfSwic2NoZW1hX3ZlcnNpb24iOiIxIn0="
        }
      ]
    },
    {
      "mode": "managed",
      "type": "aws_ecr_repository",
      "name": "streaming_ingest",
      "provider": "provider[\"registry.terraform.io/hashicorp/aws\"]",
      "instances": [
        {
          "schema_version": 0,
          "attributes": {
            "arn": "arn:aws:ecr:us-east-1:582997419489:repository/mdp-market-data-dev-streaming-ingest",
            "encryption_configuration": [
              {
                "encryption_type": "AES256",
                "kms_key": ""
              }
            ],
            "force_delete": null,
            "id": "mdp-market-data-dev-streaming-ingest",
            "image_scanning_configuration": [
              {
                "scan_on_push": true
              }
            ],
            "image_tag_mutability": "MUTABLE",
            "image_tag_mutability_exclusion_filter": [],
            "name": "mdp-market-data-dev-streaming-ingest",
            "region": "us-east-1",
            "registry_id": "582997419489",
            "repository_url": "582997419489.dkr.ecr.us-east-1.amazonaws.com/mdp-market-data-dev-streaming-ingest",
            "tags": {
              "Environment": "dev",
              "Name": "mdp-market-data-streaming-ingest",
              "Project": "mdp-market-data"
            },
            "tags_all": {
              "Environment": "dev",
              "Name": "mdp-market-data-streaming-ingest",
              "Project": "mdp-market-data"
            },
            "timeouts": null
          },
          "sensitive_attributes": [],
          "identity_schema_version": 0,
          "identity": {
            "account_id": "582997419489",
            "name": "mdp-market-data-dev-streaming-ingest",
            "region": "us-east-1"
          },
          "private": "eyJlMmJmYjczMC1lY2FhLTExZTYtOGY4OC0zNDM2M2JjN2M0YzAiOnsiZGVsZXRlIjoxMjAwMDAwMDAwMDAwfX0="
        }
      ]
    },
    {
      "mode": "managed",
      "type": "aws_iam_role",
      "name": "lambda_role",
      "provider": "provider[\"registry.terraform.io/hashicorp/aws\"]",
      "instances": [
        {
          "schema_version": 0,
          "attributes": {
            "arn": "arn:aws:iam::582997419489:role/lambda-execution-role",
            "assume_role_policy": "{\"Statement\":[{\"Action\":\"sts:AssumeRole\",\"Effect\":\"Allow\",\"Principal\":{\"Service\":\"lambda.amazonaws.com\"}}],\"Version\":\"2012-10-17\"}",
            "create_date": "2026-01-25T08:53:31Z",
            "description": "",
            "force_detach_policies": false,
            "id": "lambda-execution-role",
            "inline_policy": [
              {
                "name": "lambda-policy",
                "policy": "{\"Version\":\"2012-10-17\",\"Statement\":[{\"Action\":[\"s3:GetObject\",\"s3:PutObject\"],\"Effect\":\"Allow\",\"Resource\":[\"arn:aws:s3:::mdp-market-data-dev-us-east-1-a66798a5/raw/*\",\"arn:aws:s3:::mdp-market-data-dev-us-east-1-a66798a5/curated/*\",\"arn:aws:s3:::mdp-market-data-dev-us-east-1-a66798a5/quarantine/*\"]},{\"Action\":[\"dynamodb:PutItem\"],\"Effect\":\"Allow\",\"Resource\":\"arn:aws:dynamodb:us-east-1:582997419489:table/latest_prices\"},{\"Action\":[\"cloudwatch:PutMetricData\"],\"Effect\":\"Allow\",\"Resource\":\"*\"},{\"Action\":[\"logs:CreateLogGroup\",\"logs:CreateLogStream\",\"logs:PutLogEvents\"],\"Effect\":\"Allow\",\"Resource\":\"*\"},{\"Action\":[\"secretsmanager:GetSecretValue\"],\"Effect\":\"Allow\",\"Resource\":\"arn:aws:secretsmanager:us-east-1:582997419489:secret:mdp/market-data/dev/provider_api_key*\"}]}"
              }
            ],
            "managed_policy_arns": [],
            "max_session_duration": 3600,
            "name": "lambda-execution-role",
            "name_prefix": "",
            "path": "/",
            "permissions_boundary": "",
            "tags": {},
            "tags_all": {},
            "unique_id": "AROAYPPK2UXQ4PGNDG5ZS"
          },
          "sensitive_attributes": [],
          "identity_schema_version": 0,
          "identity": {
            "account_id": "582997419489",
            "name": "lambda-execution-role"
          },
          "private": "bnVsbA=="
        }
      ]
    },
    {
      "mode": "managed",
      "type": "aws_iam_role_policy",
      "name": "lambda_policy",
      "provider": "provider[\"registry.terraform.io/hashicorp/aws\"]",
      "instances": [
        {
          "schema_version": 0,
          "attributes": {
            "id": "lambda-execution-role:lambda-policy",
            "name": "lambda-policy",
            "name_prefix": "",
            "policy": "{\"Version\":\"2012-10-17\",\"Statement\":[{\"Action\":[\"s3:GetObject\",\"s3:PutObject\"],\"Effect\":\"Allow\",\"Resource\":[\"arn:aws:s3:::mdp-market-data-dev-us-east-1-a66798a5/raw/*\",\"arn:aws:s3:::mdp-market-data-dev-us-east-1-a66798a5/curated/*\",\"arn:aws:s3:::mdp-market-data-dev-us-east-1-a66798a5/quarantine/*\"]},{\"Action\":[\"dynamodb:PutItem\"],\"Effect\":\"Allow\",\"Resource\":\"arn:aws:dynamodb:us-east-1:582997419489:table/latest_prices\"},{\"Action\":[\"cloudwatch:PutMetricData\"],\"Effect\":\"Allow\",\"Resource\":\"*\"},{\"Action\":[\"logs:CreateLogGroup\",\"logs:CreateLogStream\",\"logs:PutLogEvents\"],\"Effect\":\"Allow\",\"Resource\":\"*\"},{\"Action\":[\"secretsmanager:GetSecretValue\"],\"Effect\":\"Allow\",\"Resource\":\"arn:aws:secretsmanager:us-east-1:582997419489:secret:mdp/market-data/dev/provider_api_key*\"}]}",
            "role": "lambda-execution-role"
          },
          "sensitive_attributes": [],
          "identity_schema_version": 0,
          "identity": {
            "account_id": "582997419489",
            "name": "lambda-policy",
            "role": "lambda-execution-role"
          },
          "private": "bnVsbA==",
          "dependencies": [
            "aws_dynamodb_table.latest_prices",
            "aws_iam_role.lambda_role",
            "aws_s3_bucket.raw_bucket",
            "random_id.bucket_suffix"
          ]
        }
      ]
    },
    {
      "mode": "managed",
      "type": "aws_lambda_function",
      "name": "streaming_ingest",
      "provider": "provider[\"registry.terraform.io/hashicorp/aws\"]",
      "instances": [
        {
          "schema_version": 0,
          "attributes": {
            "architectures": [
              "x86_64"
            ],
            "arn": "arn:aws:lambda:us-east-1:582997419489:function:mdp-market-data-dev-streaming-ingest",
            "capacity_provider_config": [],
            "code_sha256": "87e29162fdfc24e015d9febbc02710395db2bccccb02e06e6b171b93490d9236",
            "code_signing_config_arn": "",
            "dead_letter_config": [],
            "description": "",
            "durable_config": [],
            "environment": [
              {
                "variables": {
                  "DDB_TABLE_LATEST_PRICES": "latest_prices",
                  "PROVIDER_SECRET_ID": "mdp/market-data/dev/provider_api_key",
                  "S3_BUCKET_NAME": "mdp-market-data-dev-us-east-1-a66798a5"
                }
              }
            ],
            "ephemeral_storage": [
              {
                "size": 512
              }
            ],
            "file_system_config": [],
            "filename": null,
            "function_name": "mdp-market-data-dev-streaming-ingest",
            "handler": "",
            "id": "mdp-market-data-dev-streaming-ingest",
            "image_config": [],
            "image_uri": "582997419489.dkr.ecr.us-east-1.amazonaws.com/mdp-market-data-dev-streaming-ingest:v4",
            "invoke_arn": "arn:aws:apigateway:us-east-1:lambda:path/2015-03-31/functions/arn:aws:lambda:us-east-1:582997419489:function:mdp-market-data-dev-streaming-ingest/invocations",
            "kms_key_arn": "",
            "last_modified": "2026-02-06T10:19:55.000+0000",
            "layers": [],
            "logging_config": [
              {
                "application_log_level": "",
                "log_format": "Text",
                "log_group": "/aws/lambda/mdp-market-data-dev-streaming-ingest",
                "system_log_level": ""
              }
            ],
            "memory_size": 512,
            "package_type": "Image",
            "publish": false,
            "publish_to": null,
            "qualified_arn": "arn:aws:lambda:us-east-1:582997419489:function:mdp-market-data-dev-streaming-ingest:$LATEST",
            "qualified_invoke_arn": "arn:aws:apigateway:us-east-1:lambda:path/2015-03-31/functions/arn:aws:lambda:us-east-1:582997419489:function:mdp-market-data-dev-streaming-ingest:$LATEST/invocations",
            "region": "us-east-1",
            "replace_security_groups_on_destroy": null,
            "replacement_security_group_ids": null,
            "reserved_concurrent_executions": -1,
            "response_streaming_invoke_arn": "arn:aws:apigateway:us-east-1:lambda:path/2021-11-15/functions/arn:aws:lambda:us-east-1:582997419489:function:mdp-market-data-dev-streaming-ingest/response-streaming-invocations",
            "role": "arn:aws:iam::582997419489:role/lambda-execution-role",
            "runtime": "",
            "s3_bucket": null,
            "s3_key": null,
            "s3_object_version": null,
            "signing_job_arn": "",
            "signing_profile_version_arn": "",
            "skip_destroy": false,
            "snap_start": [],
            "source_code_hash": "",
            "source_code_size": 0,
            "source_kms_key_arn": "",
            "tags": {
              "Environment": "dev",
              "Name": "mdp-market-data-streaming-ingest",
              "Project": "mdp-market-data"
            },
            "tags_all": {
              "Environment": "dev",
              "Name": "mdp-market-data-streaming-ingest",
              "Project": "mdp-market-data"
            },
            "tenancy_config": [],
            "timeout": 60,
            "timeouts": null,
            "tracing_config": [
              {
                "mode": "PassThrough"
              }
            ],
            "version": "$LATEST",
            "vpc_config": []
          },
          "sensitive_attributes": [],
          "identity_schema_version": 0,
          "identity": {
            "account_id": "582997419489",
            "function_name": "mdp-market-data-dev-streaming-ingest",
            "region": "us-east-1"
          },
          "private": "eyJlMmJmYjczMC1lY2FhLTExZTYtOGY4OC0zNDM2M2JjN2M0YzAiOnsiY3JlYXRlIjo2MDAwMDAwMDAwMDAsImRlbGV0ZSI6NjAwMDAwMDAwMDAwLCJ1cGRhdGUiOjYwMDAwMDAwMDAwMH19",
          "dependencies": [
            "aws_dynamodb_table.latest_prices",
            "aws_ecr_repository.streaming_ingest",
            "aws_iam_role.lambda_role",
            "aws_s3_bucket.raw_bucket",
            "random_id.bucket_suffix"
          ]
        }
      ]
    },
    {
      "mode": "managed",
      "type": "aws_lambda_permission",
      "name": "allow_eventbridge",
      "provider": "provider[\"registry.terraform.io/hashicorp/aws\"]",
      "instances": [
        {
          "index_key": 0,
          "schema_version": 0,
          "attributes": {
            "action": "lambda:InvokeFunction",
            "event_source_token": null,
            "function_name": "mdp-market-data-dev-streaming-ingest",
            "function_url_auth_type": null,
            "id": "AllowExecutionFromEventBridge",
            "invoked_via_function_url": null,
            "principal": "events.amazonaws.com",
            "principal_org_id": null,
            "qualifier": "",
            "region": "us-east-1",
            "source_account": null,
            "source_arn": "arn:aws:events:us-east-1:582997419489:rule/mdp-market-data-dev-streaming-schedule",
            "statement_id": "AllowExecutionFromEventBridge",
            "statement_id_prefix": ""
          },
          "sensitive_attributes": [],
          "identity_schema_version": 0,
          "identity": {
            "account_id": "582997419489",
            "function_name": "mdp-market-data-dev-streaming-ingest",
            "qualifier": null,
            "region": "us-east-1",
            "statement_id": "AllowExecutionFromEventBridge"
          },
          "private": "bnVsbA==",
          "dependencies": [
            "aws_cloudwatch_event_rule.streaming_schedule",
            "aws_dynamodb_table.latest_prices",
            "aws_ecr_repository.streaming_ingest",
            "aws_iam_role.lambda_role",
            "aws_lambda_function.streaming_ingest",
            "aws_s3_bucket.raw_bucket",
            "random_id.bucket_suffix"
          ]
        }
      ]
    },
    {
      "mode": "managed",
      "type": "aws_s3_bucket",
      "name": "raw_bucket",
      "provider": "provider[\"registry.terraform.io/hashicorp/aws\"]",
      "instances": [
        {
          "schema_version": 0,
          "attributes": {
            "acceleration_status": "",
            "acl": null,
            "arn": "arn:aws:s3:::mdp-market-data-dev-us-east-1-a66798a5",
            "bucket": "mdp-market-data-dev-us-east-1-a66798a5",
            "bucket_domain_name": "mdp-market-data-dev-us-east-1-a66798a5.s3.amazonaws.com",
            "bucket_prefix": "",
            "bucket_region": "us-east-1",
            "bucket_regional_domain_name": "mdp-market-data-dev-us-east-1-a66798a5.s3.us-east-1.amazonaws.com",
            "cors_rule": [],
            "force_destroy": false,
            "grant": [
              {
                "id": "28de0be1dc1b18a9d0aab1f11e5c166590c086bdd92df027db925e9537564c12",
                "permissions": [
                  "FULL_CONTROL"
                ],
                "type": "CanonicalUser",
                "uri": ""
              }
            ],
            "hosted_zone_id": "Z3AQBSTGFYJSTF",
            "id": "mdp-market-data-dev-us-east-1-a66798a5",
            "lifecycle_rule": [],
            "logging": [],
            "object_lock_configuration": [],
            "object_lock_enabled": false,
            "policy": "",
            "region": "us-east-1",
            "replication_configuration": [],
            "request_payer": "BucketOwner",
            "server_side_encryption_configuration": [
              {
                "rule": [
                  {
                    "apply_server_side_encryption_by_default": [
                      {
                        "kms_master_key_id": "",
                        "sse_algorithm": "AES256"
                      }
                    ],
                    "bucket_key_enabled": false
                  }
                ]
              }
            ],
            "tags": {
              "Environment": "dev",
              "Name": "mdp-market-data-bucket",
              "Project": "mdp-market-data"
            },
            "tags_all": {
              "Environment": "dev",
              "Name": "mdp-market-data-bucket",
              "Project": "mdp-market-data"
            },
            "timeouts": null,
            "versioning": [
              {
                "enabled": true,
                "mfa_delete": false
              }
            ],
            "website": [],
            "website_domain": null,
            "website_endpoint": null
          },
          "sensitive_attributes": [],
          "identity_schema_version": 0,
          "identity": {
            "account_id": "582997419489",
            "bucket": "mdp-market-data-dev-us-east-1-a66798a5",
            "region": "us-east-1"
          },
          "private": "eyJlMmJmYjczMC1lY2FhLTExZTYtOGY4OC0zNDM2M2JjN2M0YzAiOnsiY3JlYXRlIjoxMjAwMDAwMDAwMDAwLCJkZWxldGUiOjM2MDAwMDAwMDAwMDAsInJlYWQiOjEyMDAwMDAwMDAwMDAsInVwZGF0ZSI6MTIwMDAwMDAwMDAwMH19",
          "dependencies": [
            "random_id.bucket_suffix"
          ]
        }
      ]
    },
    {
      "mode": "managed",
      "type": "aws_s3_bucket_ownership_controls",
      "name": "raw_bucket_owner",
      "provider": "provider[\"registry.terraform.io/hashicorp/aws\"]",
      "instances": [
        {
          "schema_version": 0,
          "attributes": {
            "bucket": "mdp-market-data-dev-us-east-1-a66798a5",
            "id": "mdp-market-data-dev-us-east-1-a66798a5",
            "region": "us-east-1",
            "rule": [
              {
                "object_ownership": "BucketOwnerEnforced"
              }
            ]
          },
          "sensitive_attributes": [],
          "identity_schema_version": 0,
          "identity": {
            "account_id": "582997419489",
            "bucket": "mdp-market-data-dev-us-east-1-a66798a5",
            "region": "us-east-1"
          },
          "private": "bnVsbA==",
          "dependencies": [
            "aws_s3_bucket.raw_bucket",
            "random_id.bucket_suffix"
          ]
        }
      ]
    },
    {
      "mode": "managed",
      "type": "aws_s3_bucket_public_access_block",
      "name": "raw_bucket_pab",
      "provider": "provider[\"registry.terraform.io/hashicorp/aws\"]",
      "instances": [
        {
          "schema_version": 0,
          "attributes": {
            "block_public_acls": true,
            "block_public_policy": true,
            "bucket": "mdp-market-data-dev-us-east-1-a66798a5",
            "id": "mdp-market-data-dev-us-east-1-a66798a5",
            "ignore_public_acls": true,
            "region": "us-east-1",
            "restrict_public_buckets": true,
            "skip_destroy": null
          },
          "sensitive_attributes": [],
          "identity_schema_version": 0,
          "identity": {
            "account_id": "582997419489",
            "bucket": "mdp-market-data-dev-us-east-1-a66798a5",
            "region": "us-east-1"
          },
          "private": "bnVsbA==",
          "dependencies": [
            "aws_s3_bucket.raw_bucket",
            "random_id.bucket_suffix"
          ]
        }
      ]
    },
    {
      "mode": "managed",
      "type": "aws_s3_bucket_server_side_encryption_configuration",
      "name": "raw_bucket_sse",
      "provider": "provider[\"registry.terraform.io/hashicorp/aws\"]",
      "instances": [
        {
          "schema_version": 0,
          "attributes": {
            "bucket": "mdp-market-data-dev-us-east-1-a66798a5",
            "expected_bucket_owner": "",
            "id": "mdp-market-data-dev-us-east-1-a66798a5",
            "region": "us-east-1",
            "rule": [
              {
                "apply_server_side_encryption_by_default": [
                  {
                    "kms_master_key_id": "",
                    "sse_algorithm": "AES256"
                  }
                ],
                "blocked_encryption_types": [],
                "bucket_key_enabled": false
              }
            ]
          },
          "sensitive_attributes": [],
          "identity_schema_version": 0,
          "identity": {
            "account_id": "582997419489",
            "bucket": "mdp-market-data-dev-us-east-1-a66798a5",
            "expected_bucket_owner": null,
            "region": "us-east-1"
          },
          "private": "bnVsbA==",
          "dependencies": [
            "aws_s3_bucket.raw_bucket",
            "random_id.bucket_suffix"
          ]
        }
      ]
    },
    {
      "mode": "managed",
      "type": "aws_s3_bucket_versioning",
      "name": "raw_bucket_versioning",
      "provider": "provider[\"registry.terraform.io/hashicorp/aws\"]",
      "instances": [
        {
          "schema_version": 0,
          "attributes": {
            "bucket": "mdp-market-data-dev-us-east-1-a66798a5",
            "expected_bucket_owner": "",
            "id": "mdp-market-data-dev-us-east-1-a66798a5",
            "mfa": null,
            "region": "us-east-1",
            "versioning_configuration": [
              {
                "mfa_delete": "",
                "status": "Enabled"
              }
            ]
          },
          "sensitive_attributes": [],
          "identity_schema_version": 0,
          "identity": {
            "account_id": "582997419489",
            "bucket": "mdp-market-data-dev-us-east-1-a66798a5",
            "expected_bucket_owner": null,
            "region": "us-east-1"
          },
          "private": "bnVsbA==",
          "dependencies": [
            "aws_s3_bucket.raw_bucket",
            "random_id.bucket_suffix"
          ]
        }
      ]
    },
    {
      "mode": "managed",
      "type": "aws_s3_object",
      "name": "curated_prices",
      "provider": "provider[\"registry.terraform.io/hashicorp/aws\"]",
      "instances": [
        {
          "schema_version": 0,
          "attributes": {
            "acl": null,
            "arn": "arn:aws:s3:::mdp-market-data-dev-us-east-1-a66798a5/curated/prices/",
            "bucket": "mdp-market-data-dev-us-east-1-a66798a5",
            "bucket_key_enabled": false,
            "cache_control": "",
            "checksum_algorithm": null,
            "checksum_crc32": "",
            "checksum_crc32c": "",
            "checksum_crc64nvme": "",
            "checksum_sha1": "",
            "checksum_sha256": "",
            "content": null,
            "content_base64": null,
            "content_disposition": "",
            "content_encoding": "",
            "content_language": "",
            "content_type": "application/octet-stream",
            "etag": "d41d8cd98f00b204e9800998ecf8427e",
            "force_destroy": false,
            "id": "mdp-market-data-dev-us-east-1-a66798a5/curated/prices/",
            "key": "curated/prices/",
            "kms_key_id": null,
            "metadata": {},
            "object_lock_legal_hold_status": "",
            "object_lock_mode": "",
            "object_lock_retain_until_date": "",
            "override_provider": [],
            "region": "us-east-1",
            "server_side_encryption": "AES256",
            "source": null,
            "source_hash": null,
            "storage_class": "STANDARD",
            "tags": {},
            "tags_all": {},
            "version_id": "null",
            "website_redirect": ""
          },
          "sensitive_attributes": [],
          "identity_schema_version": 0,
          "identity": {
            "account_id": "582997419489",
            "bucket": "mdp-market-data-dev-us-east-1-a66798a5",
            "key": "curated/prices/",
            "region": "us-east-1"
          },
          "private": "bnVsbA==",
          "dependencies": [
            "aws_s3_bucket.raw_bucket",
            "random_id.bucket_suffix"
          ]
        }
      ]
    },
    {
      "mode": "managed",
      "type": "aws_s3_object",
      "name": "quarantine_streaming",
      "provider": "provider[\"registry.terraform.io/hashicorp/aws\"]",
      "instances": [
        {
          "schema_version": 0,
          "attributes": {
            "acl": null,
            "arn": "arn:aws:s3:::mdp-market-data-dev-us-east-1-a66798a5/quarantine/streaming/",
            "bucket": "mdp-market-data-dev-us-east-1-a66798a5",
            "bucket_key_enabled": false,
            "cache_control": "",
            "checksum_algorithm": null,
            "checksum_crc32": "",
            "checksum_crc32c": "",
            "checksum_crc64nvme": "",
            "checksum_sha1": "",
            "checksum_sha256": "",
            "content": null,
            "content_base64": null,
            "content_disposition": "",
            "content_encoding": "",
            "content_language": "",
            "content_type": "application/octet-stream",
            "etag": "d41d8cd98f00b204e9800998ecf8427e",
            "force_destroy": false,
            "id": "mdp-market-data-dev-us-east-1-a66798a5/quarantine/streaming/",
            "key": "quarantine/streaming/",
            "kms_key_id": null,
            "metadata": {},
            "object_lock_legal_hold_status": "",
            "object_lock_mode": "",
            "object_lock_retain_until_date": "",
            "override_provider": [],
            "region": "us-east-1",
            "server_side_encryption": "AES256",
            "source": null,
            "source_hash": null,
            "storage_class": "STANDARD",
            "tags": {},
            "tags_all": {},
            "version_id": "null",
            "website_redirect": ""
          },
          "sensitive_attributes": [],
          "identity_schema_version": 0,
          "identity": {
            "account_id": "582997419489",
            "bucket": "mdp-market-data-dev-us-east-1-a66798a5",
            "key": "quarantine/streaming/",
            "region": "us-east-1"
          },
          "private": "bnVsbA==",
          "dependencies": [
            "aws_s3_bucket.raw_bucket",
            "random_id.bucket_suffix"
          ]
        }
      ]
    },
    {
      "mode": "managed",
      "type": "aws_s3_object",
      "name": "raw_prices",
      "provider": "provider[\"registry.terraform.io/hashicorp/aws\"]",
      "instances": [
        {
          "schema_version": 0,
          "attributes": {
            "acl": null,
            "arn": "arn:aws:s3:::mdp-market-data-dev-us-east-1-a66798a5/raw/prices/",
            "bucket": "mdp-market-data-dev-us-east-1-a66798a5",
            "bucket_key_enabled": false,
            "cache_control": "",
            "checksum_algorithm": null,
            "checksum_crc32": "",
            "checksum_crc32c": "",
            "checksum_crc64nvme": "",
            "checksum_sha1": "",
            "checksum_sha256": "",
            "content": null,
            "content_base64": null,
            "content_disposition": "",
            "content_encoding": "",
            "content_language": "",
            "content_type": "application/octet-stream",
            "etag": "d41d8cd98f00b204e9800998ecf8427e",
            "force_destroy": false,
            "id": "mdp-market-data-dev-us-east-1-a66798a5/raw/prices/",
            "key": "raw/prices/",
            "kms_key_id": null,
            "metadata": {},
            "object_lock_legal_hold_status": "",
            "object_lock_mode": "",
            "object_lock_retain_until_date": "",
            "override_provider": [],
            "region": "us-east-1",
            "server_side_encryption": "AES256",
            "source": null,
            "source_hash": null,
            "storage_class": "STANDARD",
            "tags": {},
            "tags_all": {},
            "version_id": "null",
            "website_redirect": ""
          },
          "sensitive_attributes": [],
          "identity_schema_version": 0,
          "identity": {
            "account_id": "582997419489",
            "bucket": "mdp-market-data-dev-us-east-1-a66798a5",
            "key": "raw/prices/",
            "region": "us-east-1"
          },
          "private": "bnVsbA==",
          "dependencies": [
            "aws_s3_bucket.raw_bucket",
            "random_id.bucket_suffix"
          ]
        }
      ]
    },
    {
      "mode": "managed",
      "type": "random_id",
      "name": "bucket_suffix",
      "provider": "provider[\"registry.terraform.io/hashicorp/random\"]",
      "instances": [
        {
          "schema_version": 0,
          "attributes": {
            "b64_std": "pmeYpQ==",
            "b64_url": "pmeYpQ",
            "byte_length": 4,
            "dec": "2791807141",
            "hex": "a66798a5",
            "id": "pmeYpQ",
            "keepers": null,
            "prefix": null
          },
          "sensitive_attributes": [],
          "identity_schema_version": 0
        }
      ]
    }
  ],
  "check_results": null
}
